
Microsoft Visual Studio Solution File, Format Version 12.00
# Visual Studio Version 17
VisualStudioVersion = 17.0.31815.197
MinimumVisualStudioVersion = 10.0.40219.1
Project("{2150E333-8FDC-42A3-9474-1A3956D46DE8}") = "Solution Items", "Solution Items", "{428E9239-77DD-433B-B523-C48ADC715DE7}"
	ProjectSection(SolutionItems) = preProject
		.editorconfig = .editorconfig
	EndProjectSection
EndProject
Project("{2150E333-8FDC-42A3-9474-1A3956D46DE8}") = "Core", "Core", "{F574238E-B398-42F7-8A1B-AE81E850731B}"
EndProject
Project("{9A19103F-16F7-4668-BE54-9A1E7A4F7556}") = "Helium.Core.Api", "src\core\lib\Helium.Core.Api\src\Helium.Core.Api.csproj", "{EE9C4D40-5B24-430E-A5CE-B85D74FA1530}"
EndProject
Project("{9A19103F-16F7-4668-BE54-9A1E7A4F7556}") = "Helium.Core.Api.Modding", "src\core\lib\Helium.Core.Api.Modding\src\Helium.Core.Api.Modding.csproj", "{6670FD7D-FA4E-4208-9383-8423D1137F4B}"
EndProject
Project("{9A19103F-16F7-4668-BE54-9A1E7A4F7556}") = "Helium.Core.Data", "src\core\lib\Helium.Core.Data\src\Helium.Core.Data.csproj", "{1CD6DB82-5DCF-4C89-A4CF-CD47D93B13C4}"
EndProject
Project("{9A19103F-16F7-4668-BE54-9A1E7A4F7556}") = "Helium.Core.Utility", "src\core\lib\Helium.Core.Utility\src\Helium.Core.Utility.csproj", "{8D84D081-D0BA-4523-A952-EE55FF6ECD00}"
EndProject
Project("{9A19103F-16F7-4668-BE54-9A1E7A4F7556}") = "Helium.Core.World.Entities", "src\core\lib\Helium.Core.World.Entities\src\Helium.Core.World.Entities.csproj", "{0A075E5A-36E8-4A70-BE6E-560192109211}"
EndProject
Project("{9A19103F-16F7-4668-BE54-9A1E7A4F7556}") = "Helium.Core", "src\core\src\Helium.Core\src\Helium.Core.csproj", "{EC7FCA93-2B21-40D0-995E-27A98F365415}"
EndProject
Project("{9A19103F-16F7-4668-BE54-9A1E7A4F7556}") = "Helium.Core.Diagnostics", "src\core\src\Helium.Core.Diagnostics\src\Helium.Core.Diagnostics.csproj", "{C6355864-6917-4334-A376-C5889FF63CEF}"
EndProject
Project("{9A19103F-16F7-4668-BE54-9A1E7A4F7556}") = "Helium.Core.Lighting", "src\core\src\Helium.Core.Lighting\src\Helium.Core.Lighting.csproj", "{39B1BE96-F12C-4320-BBFE-B4DCF59E7500}"
EndProject
Project("{9A19103F-16F7-4668-BE54-9A1E7A4F7556}") = "Helium.Core.Registry", "src\core\src\Helium.Core.Registry\src\Helium.Core.Registry.csproj", "{2486EF3B-6083-4E0E-9318-F706EA91A486}"
EndProject
Project("{9A19103F-16F7-4668-BE54-9A1E7A4F7556}") = "Helium.Core.Server", "src\core\src\Helium.Core.Server\src\Helium.Core.Server.csproj", "{F5EFCBEB-A9E7-4C00-B0D3-BA1AD49A7FF2}"
EndProject
Project("{9A19103F-16F7-4668-BE54-9A1E7A4F7556}") = "Helium.Core.World", "src\core\src\Helium.Core.World\src\Helium.Core.World.csproj", "{7354C907-FC57-4384-BBE1-AA85F2233D5E}"
EndProject
Project("{2150E333-8FDC-42A3-9474-1A3956D46DE8}") = "Scripting", "Scripting", "{991BE122-D943-4540-B36C-A39ABBE002C3}"
EndProject
Project("{9A19103F-16F7-4668-BE54-9A1E7A4F7556}") = "Helium.Scripting.Intermediate", "src\script\common\Helium.Scripting.Intermediate\src\Helium.Scripting.Intermediate.csproj", "{6588B730-A317-4A1D-9582-231D8542BDC7}"
EndProject
Project("{9A19103F-16F7-4668-BE54-9A1E7A4F7556}") = "Helium.Scripting.Metadata", "src\script\common\Helium.Scripting.Metadata\src\Helium.Scripting.Metadata.csproj", "{D2352CE1-7D8E-4660-B62B-E4F38980B55F}"
EndProject
Project("{9A19103F-16F7-4668-BE54-9A1E7A4F7556}") = "Helium.Scripting.Datapacks", "src\script\delta\lib\Helium.Scripting.Datapacks\src\Helium.Scripting.Datapacks.csproj", "{9B51B46C-5421-42BF-B7DF-AB366C803C13}"
EndProject
Project("{9A19103F-16F7-4668-BE54-9A1E7A4F7556}") = "Helium.Scripting.Datapacks.Vanilla", "src\script\delta\lib\Helium.Scripting.Datapacks.Vanilla\src\Helium.Scripting.Datapacks.Vanilla.csproj", "{A2635113-59B4-4291-B2F3-929C15982EF1}"
EndProject
Project("{9A19103F-16F7-4668-BE54-9A1E7A4F7556}") = "Helium.Scripting.DefaultCommands", "src\script\delta\lib\Helium.Scripting.DefaultCommands\src\Helium.Scripting.DefaultCommands.csproj", "{D350AC15-1637-40FA-B822-3B4318175CC9}"
EndProject
Project("{9A19103F-16F7-4668-BE54-9A1E7A4F7556}") = "Helium.Scripting.Compiler", "src\script\delta\src\Helium.Scripting.Compiler\src\Helium.Scripting.Compiler.csproj", "{22106DE3-3B74-4496-859C-598D090087B3}"
EndProject
Project("{9A19103F-16F7-4668-BE54-9A1E7A4F7556}") = "Helium.Scripting.Compiler.Aurelia", "src\script\delta\src\Helium.Scripting.Compiler.Aurelia\src\Helium.Scripting.Compiler.Aurelia.csproj", "{C3865B1B-2C0A-49FE-8EB0-D411BAF1F369}"
EndProject
Project("{9A19103F-16F7-4668-BE54-9A1E7A4F7556}") = "Helium.Scripting.Compiler.Vanilla", "src\script\delta\src\Helium.Scripting.Compiler.Vanilla\src\Helium.Scripting.Compiler.Vanilla.csproj", "{5F418282-B934-48AB-8677-FEAFD016FBFE}"
EndProject
Project("{2150E333-8FDC-42A3-9474-1A3956D46DE8}") = "Server", "Server", "{DAEDD821-403B-46E1-AF87-EA8A4CE24AA3}"
EndProject
Project("{9A19103F-16F7-4668-BE54-9A1E7A4F7556}") = "Helium.Api", "src\server\lib\Helium.Api\src\Helium.Api.csproj", "{4474530D-6101-4737-867C-C62E5AE767DB}"
EndProject
Project("{9A19103F-16F7-4668-BE54-9A1E7A4F7556}") = "Helium.Loader.Api", "src\server\lib\Helium.Loader.Api\src\Helium.Loader.Api.csproj", "{1ECF3074-A5A9-4E5B-9B7A-AE85C42E90E0}"
EndProject
Project("{9A19103F-16F7-4668-BE54-9A1E7A4F7556}") = "Helium.Networking.Api", "src\server\lib\Helium.Networking.Api\src\Helium.Networking.Api.csproj", "{C4AF5CD4-5B20-4101-8F23-C235A34BF8E5}"
EndProject
Project("{9A19103F-16F7-4668-BE54-9A1E7A4F7556}") = "Helium.Networking.Api.Vanilla", "src\server\lib\Helium.Networking.Api.Vanilla\src\Helium.Networking.Api.Vanilla.csproj", "{8CC98634-4DF2-4A11-834C-1B7ECB272A3D}"
EndProject
Project("{9A19103F-16F7-4668-BE54-9A1E7A4F7556}") = "Helium", "src\server\src\Helium\src\Helium.csproj", "{356FD1C4-1AA6-4535-BEA9-D7FBB70B7B5C}"
EndProject
Project("{9A19103F-16F7-4668-BE54-9A1E7A4F7556}") = "Helium.Loader", "src\server\src\Helium.Loader\src\Helium.Loader.csproj", "{A256DF0E-D6E2-4D6B-B963-F29990CCE304}"
EndProject
Project("{9A19103F-16F7-4668-BE54-9A1E7A4F7556}") = "Helium.Networking", "src\server\src\Helium.Networking\src\Helium.Networking.csproj", "{E2BC0946-EAB3-40B5-98DC-DCB2A85F7807}"
EndProject
Global
	GlobalSection(SolutionConfigurationPlatforms) = preSolution
		Debug|Any CPU = Debug|Any CPU
		Release|Any CPU = Release|Any CPU
	EndGlobalSection
	GlobalSection(ProjectConfigurationPlatforms) = postSolution
		{EE9C4D40-5B24-430E-A5CE-B85D74FA1530}.Debug|Any CPU.ActiveCfg = Debug|Any CPU
		{EE9C4D40-5B24-430E-A5CE-B85D74FA1530}.Debug|Any CPU.Build.0 = Debug|Any CPU
		{EE9C4D40-5B24-430E-A5CE-B85D74FA1530}.Release|Any CPU.ActiveCfg = Release|Any CPU
		{EE9C4D40-5B24-430E-A5CE-B85D74FA1530}.Release|Any CPU.Build.0 = Release|Any CPU
		{6670FD7D-FA4E-4208-9383-8423D1137F4B}.Debug|Any CPU.ActiveCfg = Debug|Any CPU
		{6670FD7D-FA4E-4208-9383-8423D1137F4B}.Debug|Any CPU.Build.0 = Debug|Any CPU
		{6670FD7D-FA4E-4208-9383-8423D1137F4B}.Release|Any CPU.ActiveCfg = Release|Any CPU
		{6670FD7D-FA4E-4208-9383-8423D1137F4B}.Release|Any CPU.Build.0 = Release|Any CPU
		{1CD6DB82-5DCF-4C89-A4CF-CD47D93B13C4}.Debug|Any CPU.ActiveCfg = Debug|Any CPU
		{1CD6DB82-5DCF-4C89-A4CF-CD47D93B13C4}.Debug|Any CPU.Build.0 = Debug|Any CPU
		{1CD6DB82-5DCF-4C89-A4CF-CD47D93B13C4}.Release|Any CPU.ActiveCfg = Release|Any CPU
		{1CD6DB82-5DCF-4C89-A4CF-CD47D93B13C4}.Release|Any CPU.Build.0 = Release|Any CPU
		{8D84D081-D0BA-4523-A952-EE55FF6ECD00}.Debug|Any CPU.ActiveCfg = Debug|Any CPU
		{8D84D081-D0BA-4523-A952-EE55FF6ECD00}.Debug|Any CPU.Build.0 = Debug|Any CPU
		{8D84D081-D0BA-4523-A952-EE55FF6ECD00}.Release|Any CPU.ActiveCfg = Release|Any CPU
		{8D84D081-D0BA-4523-A952-EE55FF6ECD00}.Release|Any CPU.Build.0 = Release|Any CPU
		{0A075E5A-36E8-4A70-BE6E-560192109211}.Debug|Any CPU.ActiveCfg = Debug|Any CPU
		{0A075E5A-36E8-4A70-BE6E-560192109211}.Debug|Any CPU.Build.0 = Debug|Any CPU
		{0A075E5A-36E8-4A70-BE6E-560192109211}.Release|Any CPU.ActiveCfg = Release|Any CPU
		{0A075E5A-36E8-4A70-BE6E-560192109211}.Release|Any CPU.Build.0 = Release|Any CPU
		{EC7FCA93-2B21-40D0-995E-27A98F365415}.Debug|Any CPU.ActiveCfg = Debug|Any CPU
		{EC7FCA93-2B21-40D0-995E-27A98F365415}.Debug|Any CPU.Build.0 = Debug|Any CPU
		{EC7FCA93-2B21-40D0-995E-27A98F365415}.Release|Any CPU.ActiveCfg = Release|Any CPU
		{EC7FCA93-2B21-40D0-995E-27A98F365415}.Release|Any CPU.Build.0 = Release|Any CPU
		{C6355864-6917-4334-A376-C5889FF63CEF}.Debug|Any CPU.ActiveCfg = Debug|Any CPU
		{C6355864-6917-4334-A376-C5889FF63CEF}.Debug|Any CPU.Build.0 = Debug|Any CPU
		{C6355864-6917-4334-A376-C5889FF63CEF}.Release|Any CPU.ActiveCfg = Release|Any CPU
		{C6355864-6917-4334-A376-C5889FF63CEF}.Release|Any CPU.Build.0 = Release|Any CPU
		{39B1BE96-F12C-4320-BBFE-B4DCF59E7500}.Debug|Any CPU.ActiveCfg = Debug|Any CPU
		{39B1BE96-F12C-4320-BBFE-B4DCF59E7500}.Debug|Any CPU.Build.0 = Debug|Any CPU
		{39B1BE96-F12C-4320-BBFE-B4DCF59E7500}.Release|Any CPU.ActiveCfg = Release|Any CPU
		{39B1BE96-F12C-4320-BBFE-B4DCF59E7500}.Release|Any CPU.Build.0 = Release|Any CPU
		{2486EF3B-6083-4E0E-9318-F706EA91A486}.Debug|Any CPU.ActiveCfg = Debug|Any CPU
		{2486EF3B-6083-4E0E-9318-F706EA91A486}.Debug|Any CPU.Build.0 = Debug|Any CPU
		{2486EF3B-6083-4E0E-9318-F706EA91A486}.Release|Any CPU.ActiveCfg = Release|Any CPU
		{2486EF3B-6083-4E0E-9318-F706EA91A486}.Release|Any CPU.Build.0 = Release|Any CPU
		{F5EFCBEB-A9E7-4C00-B0D3-BA1AD49A7FF2}.Debug|Any CPU.ActiveCfg = Debug|Any CPU
		{F5EFCBEB-A9E7-4C00-B0D3-BA1AD49A7FF2}.Debug|Any CPU.Build.0 = Debug|Any CPU
		{F5EFCBEB-A9E7-4C00-B0D3-BA1AD49A7FF2}.Release|Any CPU.ActiveCfg = Release|Any CPU
		{F5EFCBEB-A9E7-4C00-B0D3-BA1AD49A7FF2}.Release|Any CPU.Build.0 = Release|Any CPU
		{7354C907-FC57-4384-BBE1-AA85F2233D5E}.Debug|Any CPU.ActiveCfg = Debug|Any CPU
		{7354C907-FC57-4384-BBE1-AA85F2233D5E}.Debug|Any CPU.Build.0 = Debug|Any CPU
		{7354C907-FC57-4384-BBE1-AA85F2233D5E}.Release|Any CPU.ActiveCfg = Release|Any CPU
		{7354C907-FC57-4384-BBE1-AA85F2233D5E}.Release|Any CPU.Build.0 = Release|Any CPU
		{6588B730-A317-4A1D-9582-231D8542BDC7}.Debug|Any CPU.ActiveCfg = Debug|Any CPU
		{6588B730-A317-4A1D-9582-231D8542BDC7}.Debug|Any CPU.Build.0 = Debug|Any CPU
		{6588B730-A317-4A1D-9582-231D8542BDC7}.Release|Any CPU.ActiveCfg = Release|Any CPU
		{6588B730-A317-4A1D-9582-231D8542BDC7}.Release|Any CPU.Build.0 = Release|Any CPU
		{D2352CE1-7D8E-4660-B62B-E4F38980B55F}.Debug|Any CPU.ActiveCfg = Debug|Any CPU
		{D2352CE1-7D8E-4660-B62B-E4F38980B55F}.Debug|Any CPU.Build.0 = Debug|Any CPU
		{D2352CE1-7D8E-4660-B62B-E4F38980B55F}.Release|Any CPU.ActiveCfg = Release|Any CPU
		{D2352CE1-7D8E-4660-B62B-E4F38980B55F}.Release|Any CPU.Build.0 = Release|Any CPU
		{9B51B46C-5421-42BF-B7DF-AB366C803C13}.Debug|Any CPU.ActiveCfg = Debug|Any CPU
		{9B51B46C-5421-42BF-B7DF-AB366C803C13}.Debug|Any CPU.Build.0 = Debug|Any CPU
		{9B51B46C-5421-42BF-B7DF-AB366C803C13}.Release|Any CPU.ActiveCfg = Release|Any CPU
		{9B51B46C-5421-42BF-B7DF-AB366C803C13}.Release|Any CPU.Build.0 = Release|Any CPU
		{A2635113-59B4-4291-B2F3-929C15982EF1}.Debug|Any CPU.ActiveCfg = Debug|Any CPU
		{A2635113-59B4-4291-B2F3-929C15982EF1}.Debug|Any CPU.Build.0 = Debug|Any CPU
		{A2635113-59B4-4291-B2F3-929C15982EF1}.Release|Any CPU.ActiveCfg = Release|Any CPU
		{A2635113-59B4-4291-B2F3-929C15982EF1}.Release|Any CPU.Build.0 = Release|Any CPU
		{D350AC15-1637-40FA-B822-3B4318175CC9}.Debug|Any CPU.ActiveCfg = Debug|Any CPU
		{D350AC15-1637-40FA-B822-3B4318175CC9}.Debug|Any CPU.Build.0 = Debug|Any CPU
		{D350AC15-1637-40FA-B822-3B4318175CC9}.Release|Any CPU.ActiveCfg = Release|Any CPU
		{D350AC15-1637-40FA-B822-3B4318175CC9}.Release|Any CPU.Build.0 = Release|Any CPU
		{22106DE3-3B74-4496-859C-598D090087B3}.Debug|Any CPU.ActiveCfg = Debug|Any CPU
		{22106DE3-3B74-4496-859C-598D090087B3}.Debug|Any CPU.Build.0 = Debug|Any CPU
		{22106DE3-3B74-4496-859C-598D090087B3}.Release|Any CPU.ActiveCfg = Release|Any CPU
		{22106DE3-3B74-4496-859C-598D090087B3}.Release|Any CPU.Build.0 = Release|Any CPU
		{C3865B1B-2C0A-49FE-8EB0-D411BAF1F369}.Debug|Any CPU.ActiveCfg = Debug|Any CPU
		{C3865B1B-2C0A-49FE-8EB0-D411BAF1F369}.Debug|Any CPU.Build.0 = Debug|Any CPU
		{C3865B1B-2C0A-49FE-8EB0-D411BAF1F369}.Release|Any CPU.ActiveCfg = Release|Any CPU
		{C3865B1B-2C0A-49FE-8EB0-D411BAF1F369}.Release|Any CPU.Build.0 = Release|Any CPU
		{5F418282-B934-48AB-8677-FEAFD016FBFE}.Debug|Any CPU.ActiveCfg = Debug|Any CPU
		{5F418282-B934-48AB-8677-FEAFD016FBFE}.Debug|Any CPU.Build.0 = Debug|Any CPU
		{5F418282-B934-48AB-8677-FEAFD016FBFE}.Release|Any CPU.ActiveCfg = Release|Any CPU
		{5F418282-B934-48AB-8677-FEAFD016FBFE}.Release|Any CPU.Build.0 = Release|Any CPU
		{4474530D-6101-4737-867C-C62E5AE767DB}.Debug|Any CPU.ActiveCfg = Debug|Any CPU
		{4474530D-6101-4737-867C-C62E5AE767DB}.Debug|Any CPU.Build.0 = Debug|Any CPU
		{4474530D-6101-4737-867C-C62E5AE767DB}.Release|Any CPU.ActiveCfg = Release|Any CPU
		{4474530D-6101-4737-867C-C62E5AE767DB}.Release|Any CPU.Build.0 = Release|Any CPU
		{1ECF3074-A5A9-4E5B-9B7A-AE85C42E90E0}.Debug|Any CPU.ActiveCfg = Debug|Any CPU
		{1ECF3074-A5A9-4E5B-9B7A-AE85C42E90E0}.Debug|Any CPU.Build.0 = Debug|Any CPU
		{1ECF3074-A5A9-4E5B-9B7A-AE85C42E90E0}.Release|Any CPU.ActiveCfg = Release|Any CPU
		{1ECF3074-A5A9-4E5B-9B7A-AE85C42E90E0}.Release|Any CPU.Build.0 = Release|Any CPU
		{C4AF5CD4-5B20-4101-8F23-C235A34BF8E5}.Debug|Any CPU.ActiveCfg = Debug|Any CPU
		{C4AF5CD4-5B20-4101-8F23-C235A34BF8E5}.Debug|Any CPU.Build.0 = Debug|Any CPU
		{C4AF5CD4-5B20-4101-8F23-C235A34BF8E5}.Release|Any CPU.ActiveCfg = Release|Any CPU
		{C4AF5CD4-5B20-4101-8F23-C235A34BF8E5}.Release|Any CPU.Build.0 = Release|Any CPU
		{8CC98634-4DF2-4A11-834C-1B7ECB272A3D}.Debug|Any CPU.ActiveCfg = Debug|Any CPU
		{8CC98634-4DF2-4A11-834C-1B7ECB272A3D}.Debug|Any CPU.Build.0 = Debug|Any CPU
		{8CC98634-4DF2-4A11-834C-1B7ECB272A3D}.Release|Any CPU.ActiveCfg = Release|Any CPU
		{8CC98634-4DF2-4A11-834C-1B7ECB272A3D}.Release|Any CPU.Build.0 = Release|Any CPU
		{356FD1C4-1AA6-4535-BEA9-D7FBB70B7B5C}.Debug|Any CPU.ActiveCfg = Debug|Any CPU
		{356FD1C4-1AA6-4535-BEA9-D7FBB70B7B5C}.Debug|Any CPU.Build.0 = Debug|Any CPU
		{356FD1C4-1AA6-4535-BEA9-D7FBB70B7B5C}.Release|Any CPU.ActiveCfg = Release|Any CPU
		{356FD1C4-1AA6-4535-BEA9-D7FBB70B7B5C}.Release|Any CPU.Build.0 = Release|Any CPU
		{A256DF0E-D6E2-4D6B-B963-F29990CCE304}.Debug|Any CPU.ActiveCfg = Debug|Any CPU
		{A256DF0E-D6E2-4D6B-B963-F29990CCE304}.Debug|Any CPU.Build.0 = Debug|Any CPU
		{A256DF0E-D6E2-4D6B-B963-F29990CCE304}.Release|Any CPU.ActiveCfg = Release|Any CPU
		{A256DF0E-D6E2-4D6B-B963-F29990CCE304}.Release|Any CPU.Build.0 = Release|Any CPU
		{E2BC0946-EAB3-40B5-98DC-DCB2A85F7807}.Debug|Any CPU.ActiveCfg = Debug|Any CPU
		{E2BC0946-EAB3-40B5-98DC-DCB2A85F7807}.Debug|Any CPU.Build.0 = Debug|Any CPU
		{E2BC0946-EAB3-40B5-98DC-DCB2A85F7807}.Release|Any CPU.ActiveCfg = Release|Any CPU
		{E2BC0946-EAB3-40B5-98DC-DCB2A85F7807}.Release|Any CPU.Build.0 = Release|Any CPU
	EndGlobalSection
	GlobalSection(SolutionProperties) = preSolution
		HideSolutionNode = FALSE
	EndGlobalSection
	GlobalSection(NestedProjects) = preSolution
		{EE9C4D40-5B24-430E-A5CE-B85D74FA1530} = {F574238E-B398-42F7-8A1B-AE81E850731B}
		{6670FD7D-FA4E-4208-9383-8423D1137F4B} = {F574238E-B398-42F7-8A1B-AE81E850731B}
		{1CD6DB82-5DCF-4C89-A4CF-CD47D93B13C4} = {F574238E-B398-42F7-8A1B-AE81E850731B}
		{8D84D081-D0BA-4523-A952-EE55FF6ECD00} = {F574238E-B398-42F7-8A1B-AE81E850731B}
		{0A075E5A-36E8-4A70-BE6E-560192109211} = {F574238E-B398-42F7-8A1B-AE81E850731B}
		{EC7FCA93-2B21-40D0-995E-27A98F365415} = {F574238E-B398-42F7-8A1B-AE81E850731B}
		{C6355864-6917-4334-A376-C5889FF63CEF} = {F574238E-B398-42F7-8A1B-AE81E850731B}
		{39B1BE96-F12C-4320-BBFE-B4DCF59E7500} = {F574238E-B398-42F7-8A1B-AE81E850731B}
		{2486EF3B-6083-4E0E-9318-F706EA91A486} = {F574238E-B398-42F7-8A1B-AE81E850731B}
		{F5EFCBEB-A9E7-4C00-B0D3-BA1AD49A7FF2} = {F574238E-B398-42F7-8A1B-AE81E850731B}
		{7354C907-FC57-4384-BBE1-AA85F2233D5E} = {F574238E-B398-42F7-8A1B-AE81E850731B}
		{6588B730-A317-4A1D-9582-231D8542BDC7} = {991BE122-D943-4540-B36C-A39ABBE002C3}
		{D2352CE1-7D8E-4660-B62B-E4F38980B55F} = {991BE122-D943-4540-B36C-A39ABBE002C3}
		{9B51B46C-5421-42BF-B7DF-AB366C803C13} = {991BE122-D943-4540-B36C-A39ABBE002C3}
		{A2635113-59B4-4291-B2F3-929C15982EF1} = {991BE122-D943-4540-B36C-A39ABBE002C3}
		{D350AC15-1637-40FA-B822-3B4318175CC9} = {991BE122-D943-4540-B36C-A39ABBE002C3}
		{22106DE3-3B74-4496-859C-598D090087B3} = {991BE122-D943-4540-B36C-A39ABBE002C3}
		{C3865B1B-2C0A-49FE-8EB0-D411BAF1F369} = {991BE122-D943-4540-B36C-A39ABBE002C3}
		{5F418282-B934-48AB-8677-FEAFD016FBFE} = {991BE122-D943-4540-B36C-A39ABBE002C3}
		{4474530D-6101-4737-867C-C62E5AE767DB} = {DAEDD821-403B-46E1-AF87-EA8A4CE24AA3}
		{1ECF3074-A5A9-4E5B-9B7A-AE85C42E90E0} = {DAEDD821-403B-46E1-AF87-EA8A4CE24AA3}
		{C4AF5CD4-5B20-4101-8F23-C235A34BF8E5} = {DAEDD821-403B-46E1-AF87-EA8A4CE24AA3}
		{8CC98634-4DF2-4A11-834C-1B7ECB272A3D} = {DAEDD821-403B-46E1-AF87-EA8A4CE24AA3}
		{356FD1C4-1AA6-4535-BEA9-D7FBB70B7B5C} = {DAEDD821-403B-46E1-AF87-EA8A4CE24AA3}
		{A256DF0E-D6E2-4D6B-B963-F29990CCE304} = {DAEDD821-403B-46E1-AF87-EA8A4CE24AA3}
		{E2BC0946-EAB3-40B5-98DC-DCB2A85F7807} = {DAEDD821-403B-46E1-AF87-EA8A4CE24AA3}
	EndGlobalSection
	GlobalSection(ExtensibilityGlobals) = postSolution
		SolutionGuid = {905E50AD-16B2-4090-839B-70F4D255AB8C}
	EndGlobalSection
EndGlobal
