
Microsoft Visual Studio Solution File, Format Version 12.00
# Visual Studio Version 17
VisualStudioVersion = 17.0.31815.197
MinimumVisualStudioVersion = 10.0.40219.1
Project("{2150E333-8FDC-42A3-9474-1A3956D46DE8}") = "Solution Items", "Solution Items", "{428E9239-77DD-433B-B523-C48ADC715DE7}"
	ProjectSection(SolutionItems) = preProject
		.editorconfig = .editorconfig
	EndProjectSection
EndProject
Project("{2150E333-8FDC-42A3-9474-1A3956D46DE8}") = "Commons", "Commons", "{635D8B03-32F3-4E12-8071-C266FE099FCC}"
EndProject
Project("{9A19103F-16F7-4668-BE54-9A1E7A4F7556}") = "Helium.Commons.Configuration", "Commons\Helium.Commons.Configuration\Helium.Commons.Configuration.csproj", "{5BBBC9AA-8874-4DE4-AA78-E4095C6BAEC4}"
EndProject
Project("{9A19103F-16F7-4668-BE54-9A1E7A4F7556}") = "Helium.Commons.Exceptions", "Commons\Helium.Commons.Exceptions\Helium.Commons.Exceptions.csproj", "{1624A35C-F501-4726-ADB8-E4F028926AEF}"
EndProject
Project("{2150E333-8FDC-42A3-9474-1A3956D46DE8}") = "Server", "Server", "{56EA37E2-E618-426B-98D7-B27AEC651F0A}"
EndProject
Project("{2150E333-8FDC-42A3-9474-1A3956D46DE8}") = "Core", "Core", "{4E0146F9-F079-403D-8CB2-B619CAC3CEF7}"
EndProject
Project("{9A19103F-16F7-4668-BE54-9A1E7A4F7556}") = "Helium", "Helium\Helium.csproj", "{B8871911-0EC3-40FD-9191-108D0BDFD00F}"
EndProject
Project("{9A19103F-16F7-4668-BE54-9A1E7A4F7556}") = "Helium.Api", "Helium.Api\Helium.Api.csproj", "{08850D1D-7A58-4B72-975B-5DCEB32040EC}"
EndProject
Project("{9A19103F-16F7-4668-BE54-9A1E7A4F7556}") = "Helium.Loader", "Helium.Loader\Helium.Loader.csproj", "{C0D9B52F-9420-41D7-BB44-606183995D69}"
EndProject
Project("{9A19103F-16F7-4668-BE54-9A1E7A4F7556}") = "Helium.Loader.Api", "Helium.Loader.Api\Helium.Loader.Api.csproj", "{C3CE8CB0-1259-4058-9D04-B13450977D07}"
EndProject
Project("{9A19103F-16F7-4668-BE54-9A1E7A4F7556}") = "Helium.Network", "Helium.Network\Helium.Network.csproj", "{FE986C17-9B72-444F-AE3B-85A4D1A544AF}"
EndProject
Project("{9A19103F-16F7-4668-BE54-9A1E7A4F7556}") = "Helium.Network.Api", "Helium.Network.Api\Helium.Network.Api.csproj", "{40E49E96-58DB-49E7-8A61-0ABF37AFED16}"
EndProject
Project("{9A19103F-16F7-4668-BE54-9A1E7A4F7556}") = "Helium.Network.Api.Vanilla", "Helium.Network.Api.Vanilla\Helium.Network.Api.Vanilla.csproj", "{E33A90FB-9E78-42D0-8DC0-3DA805FD815C}"
EndProject
Project("{9A19103F-16F7-4668-BE54-9A1E7A4F7556}") = "Helium.Core", "Helium.Core\Helium.Core.csproj", "{A8EFEF42-EE2D-4D6D-976A-C96335AABC37}"
EndProject
Project("{9A19103F-16F7-4668-BE54-9A1E7A4F7556}") = "Helium.Core.Api", "Helium.Core.Api\Helium.Core.Api.csproj", "{DFEEB50D-F208-4276-B59E-26E57EC6790C}"
EndProject
Project("{9A19103F-16F7-4668-BE54-9A1E7A4F7556}") = "Helium.Core.Api.Script", "Helium.Core.Api.Script\Helium.Core.Api.Script.csproj", "{FD0C1DC7-E578-44FF-819D-1EAA0B5330C3}"
EndProject
Project("{9A19103F-16F7-4668-BE54-9A1E7A4F7556}") = "Helium.Core.Api.Mod", "Helium.Core.Api.Mod\Helium.Core.Api.Mod.csproj", "{8A34075B-E1D5-4C23-98BB-D0A0087349E4}"
EndProject
Project("{9A19103F-16F7-4668-BE54-9A1E7A4F7556}") = "Helium.Core.Commands", "Helium.Core.Commands\Helium.Core.Commands.csproj", "{D2E1449F-D306-477C-8C27-F8F2FBC56765}"
EndProject
Project("{9A19103F-16F7-4668-BE54-9A1E7A4F7556}") = "Helium.Core.Compiler", "Helium.Core.Compiler\Helium.Core.Compiler.csproj", "{5BDF0DBF-DE61-4715-821D-3527C6245B48}"
EndProject
Project("{9A19103F-16F7-4668-BE54-9A1E7A4F7556}") = "Helium.Core.Compiler.Intermediate", "Helium.Core.Compiler.Intermediate\Helium.Core.Compiler.Intermediate.csproj", "{0DFEFF85-20F8-448F-8FCD-7EEBFDFF5561}"
EndProject
Project("{9A19103F-16F7-4668-BE54-9A1E7A4F7556}") = "Helium.Core.Compiler.Scripts", "Helium.Core.Compiler.Scripts\Helium.Core.Compiler.Scripts.csproj", "{A1C4CF1B-2EB4-425B-9EAA-747A17F60B01}"
EndProject
Project("{9A19103F-16F7-4668-BE54-9A1E7A4F7556}") = "Helium.Core.Compiler.Datapacks", "Helium.Core.Compiler.Datapacks\Helium.Core.Compiler.Datapacks.csproj", "{B6BCF006-D84C-4EA4-99FD-618F15EC3A4D}"
EndProject
Project("{9A19103F-16F7-4668-BE54-9A1E7A4F7556}") = "Helium.Core.Data", "Helium.Core.Data\Helium.Core.Data.csproj", "{87ED1B39-622B-42BC-BAF2-9273DF35F288}"
EndProject
Project("{9A19103F-16F7-4668-BE54-9A1E7A4F7556}") = "Helium.Core.Datapacks", "Helium.Core.Datapacks\Helium.Core.Datapacks.csproj", "{917457A2-84BB-4975-9A6B-238A87727086}"
EndProject
Project("{9A19103F-16F7-4668-BE54-9A1E7A4F7556}") = "Helium.Core.Datapacks.Vanilla", "Helium.Core.Datapacks.Vanilla\Helium.Core.Datapacks.Vanilla.csproj", "{600ACCEB-44C1-4C60-BCC1-20A97E9884FA}"
EndProject
Project("{9A19103F-16F7-4668-BE54-9A1E7A4F7556}") = "Helium.Core.Diagnostics", "Helium.Core.Diagnostics\Helium.Core.Diagnostics.csproj", "{3614C542-8B1B-479A-BBA0-550BB6A7D586}"
EndProject
Project("{9A19103F-16F7-4668-BE54-9A1E7A4F7556}") = "Helium.Core.Lighting", "Helium.Core.Lighting\Helium.Core.Lighting.csproj", "{3E5E81B5-8AB0-4C02-9510-B4FE29F78938}"
EndProject
Project("{9A19103F-16F7-4668-BE54-9A1E7A4F7556}") = "Helium.Core.Registry", "Helium.Core.Registry\Helium.Core.Registry.csproj", "{09B0131B-DE28-489C-833B-0A66097A1D91}"
EndProject
Project("{8BC9CEB8-8B4A-11D0-8D11-00A0C91BC942}") = "Helium.Core.Lighting.VirtualMachine", "Helium.Core.Lighting.VirtualMachine\Helium.Core.Lighting.VirtualMachine.vcxproj", "{CFF9BB88-895B-4C50-9645-A702698C89A7}"
EndProject
Project("{9A19103F-16F7-4668-BE54-9A1E7A4F7556}") = "Helium.Core.Server", "Helium.Core.Server\Helium.Core.Server.csproj", "{5CD55B25-B3A7-4331-8942-B98EF28A74A2}"
EndProject
Project("{9A19103F-16F7-4668-BE54-9A1E7A4F7556}") = "Helium.Core.Utility", "Helium.Core.Utility\Helium.Core.Utility.csproj", "{172FDF5D-B7F1-4B86-9A72-175B7CF91388}"
EndProject
Project("{9A19103F-16F7-4668-BE54-9A1E7A4F7556}") = "Helium.Core.World", "Helium.Core.World\Helium.Core.World.csproj", "{AC13D291-0626-423D-B8BE-E9BAADA30231}"
EndProject
Project("{9A19103F-16F7-4668-BE54-9A1E7A4F7556}") = "Helium.Core.World.Entity", "Helium.Core.World.Entity\Helium.Core.World.Entity.csproj", "{4E299036-A705-437C-A8D8-5744063071D9}"
EndProject
Project("{9A19103F-16F7-4668-BE54-9A1E7A4F7556}") = "Helium.Core.World.Environment", "Helium.Core.World.Environment\Helium.Core.World.Environment.csproj", "{486F3BDF-F515-4DF9-852D-FFC59F25B8B7}"
EndProject
Project("{9A19103F-16F7-4668-BE54-9A1E7A4F7556}") = "Helium.Core.World.Generation", "Helium.Core.World.Generation\Helium.Core.World.Generation.csproj", "{98EECD74-5BD5-40F1-9AA0-FABAB2BA4AFB}"
EndProject
Project("{8BC9CEB8-8B4A-11D0-8D11-00A0C91BC942}") = "Helium.Core.World.Generation.VirtualMachine", "Helium.Core.World.Generation.VirtualMachine\Helium.Core.World.Generation.VirtualMachine.vcxproj", "{0D5F3C9F-7BD8-4D3F-B09E-272496F375D1}"
EndProject
Project("{2150E333-8FDC-42A3-9474-1A3956D46DE8}") = "Serialization", "Serialization", "{EAFC9D52-8D01-450B-B635-15A104B88B58}"
EndProject
Project("{9A19103F-16F7-4668-BE54-9A1E7A4F7556}") = "Helium.Data.Abstraction", "Helium.Data.Abstraction\Helium.Data.Abstraction.csproj", "{42B56942-3D38-40E0-B060-D55637F6BC24}"
EndProject
Project("{9A19103F-16F7-4668-BE54-9A1E7A4F7556}") = "Helium.Data.Nbt", "Helium.Data.Nbt\Helium.Data.Nbt.csproj", "{A81E294D-143F-43E9-9B44-F4D972455289}"
EndProject
Global
	GlobalSection(SolutionConfigurationPlatforms) = preSolution
		Debug|Any CPU = Debug|Any CPU
		Debug|x64 = Debug|x64
		Debug|x86 = Debug|x86
		Release|Any CPU = Release|Any CPU
		Release|x64 = Release|x64
		Release|x86 = Release|x86
	EndGlobalSection
	GlobalSection(ProjectConfigurationPlatforms) = postSolution
		{5BBBC9AA-8874-4DE4-AA78-E4095C6BAEC4}.Debug|Any CPU.ActiveCfg = Debug|Any CPU
		{5BBBC9AA-8874-4DE4-AA78-E4095C6BAEC4}.Debug|Any CPU.Build.0 = Debug|Any CPU
		{5BBBC9AA-8874-4DE4-AA78-E4095C6BAEC4}.Debug|x64.ActiveCfg = Debug|Any CPU
		{5BBBC9AA-8874-4DE4-AA78-E4095C6BAEC4}.Debug|x64.Build.0 = Debug|Any CPU
		{5BBBC9AA-8874-4DE4-AA78-E4095C6BAEC4}.Debug|x86.ActiveCfg = Debug|Any CPU
		{5BBBC9AA-8874-4DE4-AA78-E4095C6BAEC4}.Debug|x86.Build.0 = Debug|Any CPU
		{5BBBC9AA-8874-4DE4-AA78-E4095C6BAEC4}.Release|Any CPU.ActiveCfg = Release|Any CPU
		{5BBBC9AA-8874-4DE4-AA78-E4095C6BAEC4}.Release|Any CPU.Build.0 = Release|Any CPU
		{5BBBC9AA-8874-4DE4-AA78-E4095C6BAEC4}.Release|x64.ActiveCfg = Release|Any CPU
		{5BBBC9AA-8874-4DE4-AA78-E4095C6BAEC4}.Release|x64.Build.0 = Release|Any CPU
		{5BBBC9AA-8874-4DE4-AA78-E4095C6BAEC4}.Release|x86.ActiveCfg = Release|Any CPU
		{5BBBC9AA-8874-4DE4-AA78-E4095C6BAEC4}.Release|x86.Build.0 = Release|Any CPU
		{1624A35C-F501-4726-ADB8-E4F028926AEF}.Debug|Any CPU.ActiveCfg = Debug|Any CPU
		{1624A35C-F501-4726-ADB8-E4F028926AEF}.Debug|Any CPU.Build.0 = Debug|Any CPU
		{1624A35C-F501-4726-ADB8-E4F028926AEF}.Debug|x64.ActiveCfg = Debug|Any CPU
		{1624A35C-F501-4726-ADB8-E4F028926AEF}.Debug|x64.Build.0 = Debug|Any CPU
		{1624A35C-F501-4726-ADB8-E4F028926AEF}.Debug|x86.ActiveCfg = Debug|Any CPU
		{1624A35C-F501-4726-ADB8-E4F028926AEF}.Debug|x86.Build.0 = Debug|Any CPU
		{1624A35C-F501-4726-ADB8-E4F028926AEF}.Release|Any CPU.ActiveCfg = Release|Any CPU
		{1624A35C-F501-4726-ADB8-E4F028926AEF}.Release|Any CPU.Build.0 = Release|Any CPU
		{1624A35C-F501-4726-ADB8-E4F028926AEF}.Release|x64.ActiveCfg = Release|Any CPU
		{1624A35C-F501-4726-ADB8-E4F028926AEF}.Release|x64.Build.0 = Release|Any CPU
		{1624A35C-F501-4726-ADB8-E4F028926AEF}.Release|x86.ActiveCfg = Release|Any CPU
		{1624A35C-F501-4726-ADB8-E4F028926AEF}.Release|x86.Build.0 = Release|Any CPU
		{B8871911-0EC3-40FD-9191-108D0BDFD00F}.Debug|Any CPU.ActiveCfg = Debug|Any CPU
		{B8871911-0EC3-40FD-9191-108D0BDFD00F}.Debug|Any CPU.Build.0 = Debug|Any CPU
		{B8871911-0EC3-40FD-9191-108D0BDFD00F}.Debug|x64.ActiveCfg = Debug|Any CPU
		{B8871911-0EC3-40FD-9191-108D0BDFD00F}.Debug|x64.Build.0 = Debug|Any CPU
		{B8871911-0EC3-40FD-9191-108D0BDFD00F}.Debug|x86.ActiveCfg = Debug|Any CPU
		{B8871911-0EC3-40FD-9191-108D0BDFD00F}.Debug|x86.Build.0 = Debug|Any CPU
		{B8871911-0EC3-40FD-9191-108D0BDFD00F}.Release|Any CPU.ActiveCfg = Release|Any CPU
		{B8871911-0EC3-40FD-9191-108D0BDFD00F}.Release|Any CPU.Build.0 = Release|Any CPU
		{B8871911-0EC3-40FD-9191-108D0BDFD00F}.Release|x64.ActiveCfg = Release|Any CPU
		{B8871911-0EC3-40FD-9191-108D0BDFD00F}.Release|x64.Build.0 = Release|Any CPU
		{B8871911-0EC3-40FD-9191-108D0BDFD00F}.Release|x86.ActiveCfg = Release|Any CPU
		{B8871911-0EC3-40FD-9191-108D0BDFD00F}.Release|x86.Build.0 = Release|Any CPU
		{08850D1D-7A58-4B72-975B-5DCEB32040EC}.Debug|Any CPU.ActiveCfg = Debug|Any CPU
		{08850D1D-7A58-4B72-975B-5DCEB32040EC}.Debug|Any CPU.Build.0 = Debug|Any CPU
		{08850D1D-7A58-4B72-975B-5DCEB32040EC}.Debug|x64.ActiveCfg = Debug|Any CPU
		{08850D1D-7A58-4B72-975B-5DCEB32040EC}.Debug|x64.Build.0 = Debug|Any CPU
		{08850D1D-7A58-4B72-975B-5DCEB32040EC}.Debug|x86.ActiveCfg = Debug|Any CPU
		{08850D1D-7A58-4B72-975B-5DCEB32040EC}.Debug|x86.Build.0 = Debug|Any CPU
		{08850D1D-7A58-4B72-975B-5DCEB32040EC}.Release|Any CPU.ActiveCfg = Release|Any CPU
		{08850D1D-7A58-4B72-975B-5DCEB32040EC}.Release|Any CPU.Build.0 = Release|Any CPU
		{08850D1D-7A58-4B72-975B-5DCEB32040EC}.Release|x64.ActiveCfg = Release|Any CPU
		{08850D1D-7A58-4B72-975B-5DCEB32040EC}.Release|x64.Build.0 = Release|Any CPU
		{08850D1D-7A58-4B72-975B-5DCEB32040EC}.Release|x86.ActiveCfg = Release|Any CPU
		{08850D1D-7A58-4B72-975B-5DCEB32040EC}.Release|x86.Build.0 = Release|Any CPU
		{C0D9B52F-9420-41D7-BB44-606183995D69}.Debug|Any CPU.ActiveCfg = Debug|Any CPU
		{C0D9B52F-9420-41D7-BB44-606183995D69}.Debug|Any CPU.Build.0 = Debug|Any CPU
		{C0D9B52F-9420-41D7-BB44-606183995D69}.Debug|x64.ActiveCfg = Debug|Any CPU
		{C0D9B52F-9420-41D7-BB44-606183995D69}.Debug|x64.Build.0 = Debug|Any CPU
		{C0D9B52F-9420-41D7-BB44-606183995D69}.Debug|x86.ActiveCfg = Debug|Any CPU
		{C0D9B52F-9420-41D7-BB44-606183995D69}.Debug|x86.Build.0 = Debug|Any CPU
		{C0D9B52F-9420-41D7-BB44-606183995D69}.Release|Any CPU.ActiveCfg = Release|Any CPU
		{C0D9B52F-9420-41D7-BB44-606183995D69}.Release|Any CPU.Build.0 = Release|Any CPU
		{C0D9B52F-9420-41D7-BB44-606183995D69}.Release|x64.ActiveCfg = Release|Any CPU
		{C0D9B52F-9420-41D7-BB44-606183995D69}.Release|x64.Build.0 = Release|Any CPU
		{C0D9B52F-9420-41D7-BB44-606183995D69}.Release|x86.ActiveCfg = Release|Any CPU
		{C0D9B52F-9420-41D7-BB44-606183995D69}.Release|x86.Build.0 = Release|Any CPU
		{C3CE8CB0-1259-4058-9D04-B13450977D07}.Debug|Any CPU.ActiveCfg = Debug|Any CPU
		{C3CE8CB0-1259-4058-9D04-B13450977D07}.Debug|Any CPU.Build.0 = Debug|Any CPU
		{C3CE8CB0-1259-4058-9D04-B13450977D07}.Debug|x64.ActiveCfg = Debug|Any CPU
		{C3CE8CB0-1259-4058-9D04-B13450977D07}.Debug|x64.Build.0 = Debug|Any CPU
		{C3CE8CB0-1259-4058-9D04-B13450977D07}.Debug|x86.ActiveCfg = Debug|Any CPU
		{C3CE8CB0-1259-4058-9D04-B13450977D07}.Debug|x86.Build.0 = Debug|Any CPU
		{C3CE8CB0-1259-4058-9D04-B13450977D07}.Release|Any CPU.ActiveCfg = Release|Any CPU
		{C3CE8CB0-1259-4058-9D04-B13450977D07}.Release|Any CPU.Build.0 = Release|Any CPU
		{C3CE8CB0-1259-4058-9D04-B13450977D07}.Release|x64.ActiveCfg = Release|Any CPU
		{C3CE8CB0-1259-4058-9D04-B13450977D07}.Release|x64.Build.0 = Release|Any CPU
		{C3CE8CB0-1259-4058-9D04-B13450977D07}.Release|x86.ActiveCfg = Release|Any CPU
		{C3CE8CB0-1259-4058-9D04-B13450977D07}.Release|x86.Build.0 = Release|Any CPU
		{FE986C17-9B72-444F-AE3B-85A4D1A544AF}.Debug|Any CPU.ActiveCfg = Debug|Any CPU
		{FE986C17-9B72-444F-AE3B-85A4D1A544AF}.Debug|Any CPU.Build.0 = Debug|Any CPU
		{FE986C17-9B72-444F-AE3B-85A4D1A544AF}.Debug|x64.ActiveCfg = Debug|Any CPU
		{FE986C17-9B72-444F-AE3B-85A4D1A544AF}.Debug|x64.Build.0 = Debug|Any CPU
		{FE986C17-9B72-444F-AE3B-85A4D1A544AF}.Debug|x86.ActiveCfg = Debug|Any CPU
		{FE986C17-9B72-444F-AE3B-85A4D1A544AF}.Debug|x86.Build.0 = Debug|Any CPU
		{FE986C17-9B72-444F-AE3B-85A4D1A544AF}.Release|Any CPU.ActiveCfg = Release|Any CPU
		{FE986C17-9B72-444F-AE3B-85A4D1A544AF}.Release|Any CPU.Build.0 = Release|Any CPU
		{FE986C17-9B72-444F-AE3B-85A4D1A544AF}.Release|x64.ActiveCfg = Release|Any CPU
		{FE986C17-9B72-444F-AE3B-85A4D1A544AF}.Release|x64.Build.0 = Release|Any CPU
		{FE986C17-9B72-444F-AE3B-85A4D1A544AF}.Release|x86.ActiveCfg = Release|Any CPU
		{FE986C17-9B72-444F-AE3B-85A4D1A544AF}.Release|x86.Build.0 = Release|Any CPU
		{40E49E96-58DB-49E7-8A61-0ABF37AFED16}.Debug|Any CPU.ActiveCfg = Debug|Any CPU
		{40E49E96-58DB-49E7-8A61-0ABF37AFED16}.Debug|Any CPU.Build.0 = Debug|Any CPU
		{40E49E96-58DB-49E7-8A61-0ABF37AFED16}.Debug|x64.ActiveCfg = Debug|Any CPU
		{40E49E96-58DB-49E7-8A61-0ABF37AFED16}.Debug|x64.Build.0 = Debug|Any CPU
		{40E49E96-58DB-49E7-8A61-0ABF37AFED16}.Debug|x86.ActiveCfg = Debug|Any CPU
		{40E49E96-58DB-49E7-8A61-0ABF37AFED16}.Debug|x86.Build.0 = Debug|Any CPU
		{40E49E96-58DB-49E7-8A61-0ABF37AFED16}.Release|Any CPU.ActiveCfg = Release|Any CPU
		{40E49E96-58DB-49E7-8A61-0ABF37AFED16}.Release|Any CPU.Build.0 = Release|Any CPU
		{40E49E96-58DB-49E7-8A61-0ABF37AFED16}.Release|x64.ActiveCfg = Release|Any CPU
		{40E49E96-58DB-49E7-8A61-0ABF37AFED16}.Release|x64.Build.0 = Release|Any CPU
		{40E49E96-58DB-49E7-8A61-0ABF37AFED16}.Release|x86.ActiveCfg = Release|Any CPU
		{40E49E96-58DB-49E7-8A61-0ABF37AFED16}.Release|x86.Build.0 = Release|Any CPU
		{E33A90FB-9E78-42D0-8DC0-3DA805FD815C}.Debug|Any CPU.ActiveCfg = Debug|Any CPU
		{E33A90FB-9E78-42D0-8DC0-3DA805FD815C}.Debug|Any CPU.Build.0 = Debug|Any CPU
		{E33A90FB-9E78-42D0-8DC0-3DA805FD815C}.Debug|x64.ActiveCfg = Debug|Any CPU
		{E33A90FB-9E78-42D0-8DC0-3DA805FD815C}.Debug|x64.Build.0 = Debug|Any CPU
		{E33A90FB-9E78-42D0-8DC0-3DA805FD815C}.Debug|x86.ActiveCfg = Debug|Any CPU
		{E33A90FB-9E78-42D0-8DC0-3DA805FD815C}.Debug|x86.Build.0 = Debug|Any CPU
		{E33A90FB-9E78-42D0-8DC0-3DA805FD815C}.Release|Any CPU.ActiveCfg = Release|Any CPU
		{E33A90FB-9E78-42D0-8DC0-3DA805FD815C}.Release|Any CPU.Build.0 = Release|Any CPU
		{E33A90FB-9E78-42D0-8DC0-3DA805FD815C}.Release|x64.ActiveCfg = Release|Any CPU
		{E33A90FB-9E78-42D0-8DC0-3DA805FD815C}.Release|x64.Build.0 = Release|Any CPU
		{E33A90FB-9E78-42D0-8DC0-3DA805FD815C}.Release|x86.ActiveCfg = Release|Any CPU
		{E33A90FB-9E78-42D0-8DC0-3DA805FD815C}.Release|x86.Build.0 = Release|Any CPU
		{A8EFEF42-EE2D-4D6D-976A-C96335AABC37}.Debug|Any CPU.ActiveCfg = Debug|Any CPU
		{A8EFEF42-EE2D-4D6D-976A-C96335AABC37}.Debug|Any CPU.Build.0 = Debug|Any CPU
		{A8EFEF42-EE2D-4D6D-976A-C96335AABC37}.Debug|x64.ActiveCfg = Debug|Any CPU
		{A8EFEF42-EE2D-4D6D-976A-C96335AABC37}.Debug|x64.Build.0 = Debug|Any CPU
		{A8EFEF42-EE2D-4D6D-976A-C96335AABC37}.Debug|x86.ActiveCfg = Debug|Any CPU
		{A8EFEF42-EE2D-4D6D-976A-C96335AABC37}.Debug|x86.Build.0 = Debug|Any CPU
		{A8EFEF42-EE2D-4D6D-976A-C96335AABC37}.Release|Any CPU.ActiveCfg = Release|Any CPU
		{A8EFEF42-EE2D-4D6D-976A-C96335AABC37}.Release|Any CPU.Build.0 = Release|Any CPU
		{A8EFEF42-EE2D-4D6D-976A-C96335AABC37}.Release|x64.ActiveCfg = Release|Any CPU
		{A8EFEF42-EE2D-4D6D-976A-C96335AABC37}.Release|x64.Build.0 = Release|Any CPU
		{A8EFEF42-EE2D-4D6D-976A-C96335AABC37}.Release|x86.ActiveCfg = Release|Any CPU
		{A8EFEF42-EE2D-4D6D-976A-C96335AABC37}.Release|x86.Build.0 = Release|Any CPU
		{DFEEB50D-F208-4276-B59E-26E57EC6790C}.Debug|Any CPU.ActiveCfg = Debug|Any CPU
		{DFEEB50D-F208-4276-B59E-26E57EC6790C}.Debug|Any CPU.Build.0 = Debug|Any CPU
		{DFEEB50D-F208-4276-B59E-26E57EC6790C}.Debug|x64.ActiveCfg = Debug|Any CPU
		{DFEEB50D-F208-4276-B59E-26E57EC6790C}.Debug|x64.Build.0 = Debug|Any CPU
		{DFEEB50D-F208-4276-B59E-26E57EC6790C}.Debug|x86.ActiveCfg = Debug|Any CPU
		{DFEEB50D-F208-4276-B59E-26E57EC6790C}.Debug|x86.Build.0 = Debug|Any CPU
		{DFEEB50D-F208-4276-B59E-26E57EC6790C}.Release|Any CPU.ActiveCfg = Release|Any CPU
		{DFEEB50D-F208-4276-B59E-26E57EC6790C}.Release|Any CPU.Build.0 = Release|Any CPU
		{DFEEB50D-F208-4276-B59E-26E57EC6790C}.Release|x64.ActiveCfg = Release|Any CPU
		{DFEEB50D-F208-4276-B59E-26E57EC6790C}.Release|x64.Build.0 = Release|Any CPU
		{DFEEB50D-F208-4276-B59E-26E57EC6790C}.Release|x86.ActiveCfg = Release|Any CPU
		{DFEEB50D-F208-4276-B59E-26E57EC6790C}.Release|x86.Build.0 = Release|Any CPU
		{FD0C1DC7-E578-44FF-819D-1EAA0B5330C3}.Debug|Any CPU.ActiveCfg = Debug|Any CPU
		{FD0C1DC7-E578-44FF-819D-1EAA0B5330C3}.Debug|Any CPU.Build.0 = Debug|Any CPU
		{FD0C1DC7-E578-44FF-819D-1EAA0B5330C3}.Debug|x64.ActiveCfg = Debug|Any CPU
		{FD0C1DC7-E578-44FF-819D-1EAA0B5330C3}.Debug|x64.Build.0 = Debug|Any CPU
		{FD0C1DC7-E578-44FF-819D-1EAA0B5330C3}.Debug|x86.ActiveCfg = Debug|Any CPU
		{FD0C1DC7-E578-44FF-819D-1EAA0B5330C3}.Debug|x86.Build.0 = Debug|Any CPU
		{FD0C1DC7-E578-44FF-819D-1EAA0B5330C3}.Release|Any CPU.ActiveCfg = Release|Any CPU
		{FD0C1DC7-E578-44FF-819D-1EAA0B5330C3}.Release|Any CPU.Build.0 = Release|Any CPU
		{FD0C1DC7-E578-44FF-819D-1EAA0B5330C3}.Release|x64.ActiveCfg = Release|Any CPU
		{FD0C1DC7-E578-44FF-819D-1EAA0B5330C3}.Release|x64.Build.0 = Release|Any CPU
		{FD0C1DC7-E578-44FF-819D-1EAA0B5330C3}.Release|x86.ActiveCfg = Release|Any CPU
		{FD0C1DC7-E578-44FF-819D-1EAA0B5330C3}.Release|x86.Build.0 = Release|Any CPU
		{8A34075B-E1D5-4C23-98BB-D0A0087349E4}.Debug|Any CPU.ActiveCfg = Debug|Any CPU
		{8A34075B-E1D5-4C23-98BB-D0A0087349E4}.Debug|Any CPU.Build.0 = Debug|Any CPU
		{8A34075B-E1D5-4C23-98BB-D0A0087349E4}.Debug|x64.ActiveCfg = Debug|Any CPU
		{8A34075B-E1D5-4C23-98BB-D0A0087349E4}.Debug|x64.Build.0 = Debug|Any CPU
		{8A34075B-E1D5-4C23-98BB-D0A0087349E4}.Debug|x86.ActiveCfg = Debug|Any CPU
		{8A34075B-E1D5-4C23-98BB-D0A0087349E4}.Debug|x86.Build.0 = Debug|Any CPU
		{8A34075B-E1D5-4C23-98BB-D0A0087349E4}.Release|Any CPU.ActiveCfg = Release|Any CPU
		{8A34075B-E1D5-4C23-98BB-D0A0087349E4}.Release|Any CPU.Build.0 = Release|Any CPU
		{8A34075B-E1D5-4C23-98BB-D0A0087349E4}.Release|x64.ActiveCfg = Release|Any CPU
		{8A34075B-E1D5-4C23-98BB-D0A0087349E4}.Release|x64.Build.0 = Release|Any CPU
		{8A34075B-E1D5-4C23-98BB-D0A0087349E4}.Release|x86.ActiveCfg = Release|Any CPU
		{8A34075B-E1D5-4C23-98BB-D0A0087349E4}.Release|x86.Build.0 = Release|Any CPU
		{D2E1449F-D306-477C-8C27-F8F2FBC56765}.Debug|Any CPU.ActiveCfg = Debug|Any CPU
		{D2E1449F-D306-477C-8C27-F8F2FBC56765}.Debug|Any CPU.Build.0 = Debug|Any CPU
		{D2E1449F-D306-477C-8C27-F8F2FBC56765}.Debug|x64.ActiveCfg = Debug|Any CPU
		{D2E1449F-D306-477C-8C27-F8F2FBC56765}.Debug|x64.Build.0 = Debug|Any CPU
		{D2E1449F-D306-477C-8C27-F8F2FBC56765}.Debug|x86.ActiveCfg = Debug|Any CPU
		{D2E1449F-D306-477C-8C27-F8F2FBC56765}.Debug|x86.Build.0 = Debug|Any CPU
		{D2E1449F-D306-477C-8C27-F8F2FBC56765}.Release|Any CPU.ActiveCfg = Release|Any CPU
		{D2E1449F-D306-477C-8C27-F8F2FBC56765}.Release|Any CPU.Build.0 = Release|Any CPU
		{D2E1449F-D306-477C-8C27-F8F2FBC56765}.Release|x64.ActiveCfg = Release|Any CPU
		{D2E1449F-D306-477C-8C27-F8F2FBC56765}.Release|x64.Build.0 = Release|Any CPU
		{D2E1449F-D306-477C-8C27-F8F2FBC56765}.Release|x86.ActiveCfg = Release|Any CPU
		{D2E1449F-D306-477C-8C27-F8F2FBC56765}.Release|x86.Build.0 = Release|Any CPU
		{5BDF0DBF-DE61-4715-821D-3527C6245B48}.Debug|Any CPU.ActiveCfg = Debug|Any CPU
		{5BDF0DBF-DE61-4715-821D-3527C6245B48}.Debug|Any CPU.Build.0 = Debug|Any CPU
		{5BDF0DBF-DE61-4715-821D-3527C6245B48}.Debug|x64.ActiveCfg = Debug|Any CPU
		{5BDF0DBF-DE61-4715-821D-3527C6245B48}.Debug|x64.Build.0 = Debug|Any CPU
		{5BDF0DBF-DE61-4715-821D-3527C6245B48}.Debug|x86.ActiveCfg = Debug|Any CPU
		{5BDF0DBF-DE61-4715-821D-3527C6245B48}.Debug|x86.Build.0 = Debug|Any CPU
		{5BDF0DBF-DE61-4715-821D-3527C6245B48}.Release|Any CPU.ActiveCfg = Release|Any CPU
		{5BDF0DBF-DE61-4715-821D-3527C6245B48}.Release|Any CPU.Build.0 = Release|Any CPU
		{5BDF0DBF-DE61-4715-821D-3527C6245B48}.Release|x64.ActiveCfg = Release|Any CPU
		{5BDF0DBF-DE61-4715-821D-3527C6245B48}.Release|x64.Build.0 = Release|Any CPU
		{5BDF0DBF-DE61-4715-821D-3527C6245B48}.Release|x86.ActiveCfg = Release|Any CPU
		{5BDF0DBF-DE61-4715-821D-3527C6245B48}.Release|x86.Build.0 = Release|Any CPU
		{0DFEFF85-20F8-448F-8FCD-7EEBFDFF5561}.Debug|Any CPU.ActiveCfg = Debug|Any CPU
		{0DFEFF85-20F8-448F-8FCD-7EEBFDFF5561}.Debug|Any CPU.Build.0 = Debug|Any CPU
		{0DFEFF85-20F8-448F-8FCD-7EEBFDFF5561}.Debug|x64.ActiveCfg = Debug|Any CPU
		{0DFEFF85-20F8-448F-8FCD-7EEBFDFF5561}.Debug|x64.Build.0 = Debug|Any CPU
		{0DFEFF85-20F8-448F-8FCD-7EEBFDFF5561}.Debug|x86.ActiveCfg = Debug|Any CPU
		{0DFEFF85-20F8-448F-8FCD-7EEBFDFF5561}.Debug|x86.Build.0 = Debug|Any CPU
		{0DFEFF85-20F8-448F-8FCD-7EEBFDFF5561}.Release|Any CPU.ActiveCfg = Release|Any CPU
		{0DFEFF85-20F8-448F-8FCD-7EEBFDFF5561}.Release|Any CPU.Build.0 = Release|Any CPU
		{0DFEFF85-20F8-448F-8FCD-7EEBFDFF5561}.Release|x64.ActiveCfg = Release|Any CPU
		{0DFEFF85-20F8-448F-8FCD-7EEBFDFF5561}.Release|x64.Build.0 = Release|Any CPU
		{0DFEFF85-20F8-448F-8FCD-7EEBFDFF5561}.Release|x86.ActiveCfg = Release|Any CPU
		{0DFEFF85-20F8-448F-8FCD-7EEBFDFF5561}.Release|x86.Build.0 = Release|Any CPU
		{A1C4CF1B-2EB4-425B-9EAA-747A17F60B01}.Debug|Any CPU.ActiveCfg = Debug|Any CPU
		{A1C4CF1B-2EB4-425B-9EAA-747A17F60B01}.Debug|Any CPU.Build.0 = Debug|Any CPU
		{A1C4CF1B-2EB4-425B-9EAA-747A17F60B01}.Debug|x64.ActiveCfg = Debug|Any CPU
		{A1C4CF1B-2EB4-425B-9EAA-747A17F60B01}.Debug|x64.Build.0 = Debug|Any CPU
		{A1C4CF1B-2EB4-425B-9EAA-747A17F60B01}.Debug|x86.ActiveCfg = Debug|Any CPU
		{A1C4CF1B-2EB4-425B-9EAA-747A17F60B01}.Debug|x86.Build.0 = Debug|Any CPU
		{A1C4CF1B-2EB4-425B-9EAA-747A17F60B01}.Release|Any CPU.ActiveCfg = Release|Any CPU
		{A1C4CF1B-2EB4-425B-9EAA-747A17F60B01}.Release|Any CPU.Build.0 = Release|Any CPU
		{A1C4CF1B-2EB4-425B-9EAA-747A17F60B01}.Release|x64.ActiveCfg = Release|Any CPU
		{A1C4CF1B-2EB4-425B-9EAA-747A17F60B01}.Release|x64.Build.0 = Release|Any CPU
		{A1C4CF1B-2EB4-425B-9EAA-747A17F60B01}.Release|x86.ActiveCfg = Release|Any CPU
		{A1C4CF1B-2EB4-425B-9EAA-747A17F60B01}.Release|x86.Build.0 = Release|Any CPU
		{B6BCF006-D84C-4EA4-99FD-618F15EC3A4D}.Debug|Any CPU.ActiveCfg = Debug|Any CPU
		{B6BCF006-D84C-4EA4-99FD-618F15EC3A4D}.Debug|Any CPU.Build.0 = Debug|Any CPU
		{B6BCF006-D84C-4EA4-99FD-618F15EC3A4D}.Debug|x64.ActiveCfg = Debug|Any CPU
		{B6BCF006-D84C-4EA4-99FD-618F15EC3A4D}.Debug|x64.Build.0 = Debug|Any CPU
		{B6BCF006-D84C-4EA4-99FD-618F15EC3A4D}.Debug|x86.ActiveCfg = Debug|Any CPU
		{B6BCF006-D84C-4EA4-99FD-618F15EC3A4D}.Debug|x86.Build.0 = Debug|Any CPU
		{B6BCF006-D84C-4EA4-99FD-618F15EC3A4D}.Release|Any CPU.ActiveCfg = Release|Any CPU
		{B6BCF006-D84C-4EA4-99FD-618F15EC3A4D}.Release|Any CPU.Build.0 = Release|Any CPU
		{B6BCF006-D84C-4EA4-99FD-618F15EC3A4D}.Release|x64.ActiveCfg = Release|Any CPU
		{B6BCF006-D84C-4EA4-99FD-618F15EC3A4D}.Release|x64.Build.0 = Release|Any CPU
		{B6BCF006-D84C-4EA4-99FD-618F15EC3A4D}.Release|x86.ActiveCfg = Release|Any CPU
		{B6BCF006-D84C-4EA4-99FD-618F15EC3A4D}.Release|x86.Build.0 = Release|Any CPU
		{87ED1B39-622B-42BC-BAF2-9273DF35F288}.Debug|Any CPU.ActiveCfg = Debug|Any CPU
		{87ED1B39-622B-42BC-BAF2-9273DF35F288}.Debug|Any CPU.Build.0 = Debug|Any CPU
		{87ED1B39-622B-42BC-BAF2-9273DF35F288}.Debug|x64.ActiveCfg = Debug|Any CPU
		{87ED1B39-622B-42BC-BAF2-9273DF35F288}.Debug|x64.Build.0 = Debug|Any CPU
		{87ED1B39-622B-42BC-BAF2-9273DF35F288}.Debug|x86.ActiveCfg = Debug|Any CPU
		{87ED1B39-622B-42BC-BAF2-9273DF35F288}.Debug|x86.Build.0 = Debug|Any CPU
		{87ED1B39-622B-42BC-BAF2-9273DF35F288}.Release|Any CPU.ActiveCfg = Release|Any CPU
		{87ED1B39-622B-42BC-BAF2-9273DF35F288}.Release|Any CPU.Build.0 = Release|Any CPU
		{87ED1B39-622B-42BC-BAF2-9273DF35F288}.Release|x64.ActiveCfg = Release|Any CPU
		{87ED1B39-622B-42BC-BAF2-9273DF35F288}.Release|x64.Build.0 = Release|Any CPU
		{87ED1B39-622B-42BC-BAF2-9273DF35F288}.Release|x86.ActiveCfg = Release|Any CPU
		{87ED1B39-622B-42BC-BAF2-9273DF35F288}.Release|x86.Build.0 = Release|Any CPU
		{917457A2-84BB-4975-9A6B-238A87727086}.Debug|Any CPU.ActiveCfg = Debug|Any CPU
		{917457A2-84BB-4975-9A6B-238A87727086}.Debug|Any CPU.Build.0 = Debug|Any CPU
		{917457A2-84BB-4975-9A6B-238A87727086}.Debug|x64.ActiveCfg = Debug|Any CPU
		{917457A2-84BB-4975-9A6B-238A87727086}.Debug|x64.Build.0 = Debug|Any CPU
		{917457A2-84BB-4975-9A6B-238A87727086}.Debug|x86.ActiveCfg = Debug|Any CPU
		{917457A2-84BB-4975-9A6B-238A87727086}.Debug|x86.Build.0 = Debug|Any CPU
		{917457A2-84BB-4975-9A6B-238A87727086}.Release|Any CPU.ActiveCfg = Release|Any CPU
		{917457A2-84BB-4975-9A6B-238A87727086}.Release|Any CPU.Build.0 = Release|Any CPU
		{917457A2-84BB-4975-9A6B-238A87727086}.Release|x64.ActiveCfg = Release|Any CPU
		{917457A2-84BB-4975-9A6B-238A87727086}.Release|x64.Build.0 = Release|Any CPU
		{917457A2-84BB-4975-9A6B-238A87727086}.Release|x86.ActiveCfg = Release|Any CPU
		{917457A2-84BB-4975-9A6B-238A87727086}.Release|x86.Build.0 = Release|Any CPU
		{600ACCEB-44C1-4C60-BCC1-20A97E9884FA}.Debug|Any CPU.ActiveCfg = Debug|Any CPU
		{600ACCEB-44C1-4C60-BCC1-20A97E9884FA}.Debug|Any CPU.Build.0 = Debug|Any CPU
		{600ACCEB-44C1-4C60-BCC1-20A97E9884FA}.Debug|x64.ActiveCfg = Debug|Any CPU
		{600ACCEB-44C1-4C60-BCC1-20A97E9884FA}.Debug|x64.Build.0 = Debug|Any CPU
		{600ACCEB-44C1-4C60-BCC1-20A97E9884FA}.Debug|x86.ActiveCfg = Debug|Any CPU
		{600ACCEB-44C1-4C60-BCC1-20A97E9884FA}.Debug|x86.Build.0 = Debug|Any CPU
		{600ACCEB-44C1-4C60-BCC1-20A97E9884FA}.Release|Any CPU.ActiveCfg = Release|Any CPU
		{600ACCEB-44C1-4C60-BCC1-20A97E9884FA}.Release|Any CPU.Build.0 = Release|Any CPU
		{600ACCEB-44C1-4C60-BCC1-20A97E9884FA}.Release|x64.ActiveCfg = Release|Any CPU
		{600ACCEB-44C1-4C60-BCC1-20A97E9884FA}.Release|x64.Build.0 = Release|Any CPU
		{600ACCEB-44C1-4C60-BCC1-20A97E9884FA}.Release|x86.ActiveCfg = Release|Any CPU
		{600ACCEB-44C1-4C60-BCC1-20A97E9884FA}.Release|x86.Build.0 = Release|Any CPU
		{3614C542-8B1B-479A-BBA0-550BB6A7D586}.Debug|Any CPU.ActiveCfg = Debug|Any CPU
		{3614C542-8B1B-479A-BBA0-550BB6A7D586}.Debug|Any CPU.Build.0 = Debug|Any CPU
		{3614C542-8B1B-479A-BBA0-550BB6A7D586}.Debug|x64.ActiveCfg = Debug|Any CPU
		{3614C542-8B1B-479A-BBA0-550BB6A7D586}.Debug|x64.Build.0 = Debug|Any CPU
		{3614C542-8B1B-479A-BBA0-550BB6A7D586}.Debug|x86.ActiveCfg = Debug|Any CPU
		{3614C542-8B1B-479A-BBA0-550BB6A7D586}.Debug|x86.Build.0 = Debug|Any CPU
		{3614C542-8B1B-479A-BBA0-550BB6A7D586}.Release|Any CPU.ActiveCfg = Release|Any CPU
		{3614C542-8B1B-479A-BBA0-550BB6A7D586}.Release|Any CPU.Build.0 = Release|Any CPU
		{3614C542-8B1B-479A-BBA0-550BB6A7D586}.Release|x64.ActiveCfg = Release|Any CPU
		{3614C542-8B1B-479A-BBA0-550BB6A7D586}.Release|x64.Build.0 = Release|Any CPU
		{3614C542-8B1B-479A-BBA0-550BB6A7D586}.Release|x86.ActiveCfg = Release|Any CPU
		{3614C542-8B1B-479A-BBA0-550BB6A7D586}.Release|x86.Build.0 = Release|Any CPU
		{3E5E81B5-8AB0-4C02-9510-B4FE29F78938}.Debug|Any CPU.ActiveCfg = Debug|Any CPU
		{3E5E81B5-8AB0-4C02-9510-B4FE29F78938}.Debug|Any CPU.Build.0 = Debug|Any CPU
		{3E5E81B5-8AB0-4C02-9510-B4FE29F78938}.Debug|x64.ActiveCfg = Debug|Any CPU
		{3E5E81B5-8AB0-4C02-9510-B4FE29F78938}.Debug|x64.Build.0 = Debug|Any CPU
		{3E5E81B5-8AB0-4C02-9510-B4FE29F78938}.Debug|x86.ActiveCfg = Debug|Any CPU
		{3E5E81B5-8AB0-4C02-9510-B4FE29F78938}.Debug|x86.Build.0 = Debug|Any CPU
		{3E5E81B5-8AB0-4C02-9510-B4FE29F78938}.Release|Any CPU.ActiveCfg = Release|Any CPU
		{3E5E81B5-8AB0-4C02-9510-B4FE29F78938}.Release|Any CPU.Build.0 = Release|Any CPU
		{3E5E81B5-8AB0-4C02-9510-B4FE29F78938}.Release|x64.ActiveCfg = Release|Any CPU
		{3E5E81B5-8AB0-4C02-9510-B4FE29F78938}.Release|x64.Build.0 = Release|Any CPU
		{3E5E81B5-8AB0-4C02-9510-B4FE29F78938}.Release|x86.ActiveCfg = Release|Any CPU
		{3E5E81B5-8AB0-4C02-9510-B4FE29F78938}.Release|x86.Build.0 = Release|Any CPU
		{09B0131B-DE28-489C-833B-0A66097A1D91}.Debug|Any CPU.ActiveCfg = Debug|Any CPU
		{09B0131B-DE28-489C-833B-0A66097A1D91}.Debug|Any CPU.Build.0 = Debug|Any CPU
		{09B0131B-DE28-489C-833B-0A66097A1D91}.Debug|x64.ActiveCfg = Debug|Any CPU
		{09B0131B-DE28-489C-833B-0A66097A1D91}.Debug|x64.Build.0 = Debug|Any CPU
		{09B0131B-DE28-489C-833B-0A66097A1D91}.Debug|x86.ActiveCfg = Debug|Any CPU
		{09B0131B-DE28-489C-833B-0A66097A1D91}.Debug|x86.Build.0 = Debug|Any CPU
		{09B0131B-DE28-489C-833B-0A66097A1D91}.Release|Any CPU.ActiveCfg = Release|Any CPU
		{09B0131B-DE28-489C-833B-0A66097A1D91}.Release|Any CPU.Build.0 = Release|Any CPU
		{09B0131B-DE28-489C-833B-0A66097A1D91}.Release|x64.ActiveCfg = Release|Any CPU
		{09B0131B-DE28-489C-833B-0A66097A1D91}.Release|x64.Build.0 = Release|Any CPU
		{09B0131B-DE28-489C-833B-0A66097A1D91}.Release|x86.ActiveCfg = Release|Any CPU
		{09B0131B-DE28-489C-833B-0A66097A1D91}.Release|x86.Build.0 = Release|Any CPU
		{CFF9BB88-895B-4C50-9645-A702698C89A7}.Debug|Any CPU.ActiveCfg = Debug|Win32
		{CFF9BB88-895B-4C50-9645-A702698C89A7}.Debug|x64.ActiveCfg = Debug|x64
		{CFF9BB88-895B-4C50-9645-A702698C89A7}.Debug|x64.Build.0 = Debug|x64
		{CFF9BB88-895B-4C50-9645-A702698C89A7}.Debug|x86.ActiveCfg = Debug|Win32
		{CFF9BB88-895B-4C50-9645-A702698C89A7}.Debug|x86.Build.0 = Debug|Win32
		{CFF9BB88-895B-4C50-9645-A702698C89A7}.Release|Any CPU.ActiveCfg = Release|Win32
		{CFF9BB88-895B-4C50-9645-A702698C89A7}.Release|x64.ActiveCfg = Release|x64
		{CFF9BB88-895B-4C50-9645-A702698C89A7}.Release|x64.Build.0 = Release|x64
		{CFF9BB88-895B-4C50-9645-A702698C89A7}.Release|x86.ActiveCfg = Release|Win32
		{CFF9BB88-895B-4C50-9645-A702698C89A7}.Release|x86.Build.0 = Release|Win32
		{5CD55B25-B3A7-4331-8942-B98EF28A74A2}.Debug|Any CPU.ActiveCfg = Debug|Any CPU
		{5CD55B25-B3A7-4331-8942-B98EF28A74A2}.Debug|Any CPU.Build.0 = Debug|Any CPU
		{5CD55B25-B3A7-4331-8942-B98EF28A74A2}.Debug|x64.ActiveCfg = Debug|Any CPU
		{5CD55B25-B3A7-4331-8942-B98EF28A74A2}.Debug|x64.Build.0 = Debug|Any CPU
		{5CD55B25-B3A7-4331-8942-B98EF28A74A2}.Debug|x86.ActiveCfg = Debug|Any CPU
		{5CD55B25-B3A7-4331-8942-B98EF28A74A2}.Debug|x86.Build.0 = Debug|Any CPU
		{5CD55B25-B3A7-4331-8942-B98EF28A74A2}.Release|Any CPU.ActiveCfg = Release|Any CPU
		{5CD55B25-B3A7-4331-8942-B98EF28A74A2}.Release|Any CPU.Build.0 = Release|Any CPU
		{5CD55B25-B3A7-4331-8942-B98EF28A74A2}.Release|x64.ActiveCfg = Release|Any CPU
		{5CD55B25-B3A7-4331-8942-B98EF28A74A2}.Release|x64.Build.0 = Release|Any CPU
		{5CD55B25-B3A7-4331-8942-B98EF28A74A2}.Release|x86.ActiveCfg = Release|Any CPU
		{5CD55B25-B3A7-4331-8942-B98EF28A74A2}.Release|x86.Build.0 = Release|Any CPU
		{172FDF5D-B7F1-4B86-9A72-175B7CF91388}.Debug|Any CPU.ActiveCfg = Debug|Any CPU
		{172FDF5D-B7F1-4B86-9A72-175B7CF91388}.Debug|Any CPU.Build.0 = Debug|Any CPU
		{172FDF5D-B7F1-4B86-9A72-175B7CF91388}.Debug|x64.ActiveCfg = Debug|Any CPU
		{172FDF5D-B7F1-4B86-9A72-175B7CF91388}.Debug|x64.Build.0 = Debug|Any CPU
		{172FDF5D-B7F1-4B86-9A72-175B7CF91388}.Debug|x86.ActiveCfg = Debug|Any CPU
		{172FDF5D-B7F1-4B86-9A72-175B7CF91388}.Debug|x86.Build.0 = Debug|Any CPU
		{172FDF5D-B7F1-4B86-9A72-175B7CF91388}.Release|Any CPU.ActiveCfg = Release|Any CPU
		{172FDF5D-B7F1-4B86-9A72-175B7CF91388}.Release|Any CPU.Build.0 = Release|Any CPU
		{172FDF5D-B7F1-4B86-9A72-175B7CF91388}.Release|x64.ActiveCfg = Release|Any CPU
		{172FDF5D-B7F1-4B86-9A72-175B7CF91388}.Release|x64.Build.0 = Release|Any CPU
		{172FDF5D-B7F1-4B86-9A72-175B7CF91388}.Release|x86.ActiveCfg = Release|Any CPU
		{172FDF5D-B7F1-4B86-9A72-175B7CF91388}.Release|x86.Build.0 = Release|Any CPU
		{AC13D291-0626-423D-B8BE-E9BAADA30231}.Debug|Any CPU.ActiveCfg = Debug|Any CPU
		{AC13D291-0626-423D-B8BE-E9BAADA30231}.Debug|Any CPU.Build.0 = Debug|Any CPU
		{AC13D291-0626-423D-B8BE-E9BAADA30231}.Debug|x64.ActiveCfg = Debug|Any CPU
		{AC13D291-0626-423D-B8BE-E9BAADA30231}.Debug|x64.Build.0 = Debug|Any CPU
		{AC13D291-0626-423D-B8BE-E9BAADA30231}.Debug|x86.ActiveCfg = Debug|Any CPU
		{AC13D291-0626-423D-B8BE-E9BAADA30231}.Debug|x86.Build.0 = Debug|Any CPU
		{AC13D291-0626-423D-B8BE-E9BAADA30231}.Release|Any CPU.ActiveCfg = Release|Any CPU
		{AC13D291-0626-423D-B8BE-E9BAADA30231}.Release|Any CPU.Build.0 = Release|Any CPU
		{AC13D291-0626-423D-B8BE-E9BAADA30231}.Release|x64.ActiveCfg = Release|Any CPU
		{AC13D291-0626-423D-B8BE-E9BAADA30231}.Release|x64.Build.0 = Release|Any CPU
		{AC13D291-0626-423D-B8BE-E9BAADA30231}.Release|x86.ActiveCfg = Release|Any CPU
		{AC13D291-0626-423D-B8BE-E9BAADA30231}.Release|x86.Build.0 = Release|Any CPU
		{4E299036-A705-437C-A8D8-5744063071D9}.Debug|Any CPU.ActiveCfg = Debug|Any CPU
		{4E299036-A705-437C-A8D8-5744063071D9}.Debug|Any CPU.Build.0 = Debug|Any CPU
		{4E299036-A705-437C-A8D8-5744063071D9}.Debug|x64.ActiveCfg = Debug|Any CPU
		{4E299036-A705-437C-A8D8-5744063071D9}.Debug|x64.Build.0 = Debug|Any CPU
		{4E299036-A705-437C-A8D8-5744063071D9}.Debug|x86.ActiveCfg = Debug|Any CPU
		{4E299036-A705-437C-A8D8-5744063071D9}.Debug|x86.Build.0 = Debug|Any CPU
		{4E299036-A705-437C-A8D8-5744063071D9}.Release|Any CPU.ActiveCfg = Release|Any CPU
		{4E299036-A705-437C-A8D8-5744063071D9}.Release|Any CPU.Build.0 = Release|Any CPU
		{4E299036-A705-437C-A8D8-5744063071D9}.Release|x64.ActiveCfg = Release|Any CPU
		{4E299036-A705-437C-A8D8-5744063071D9}.Release|x64.Build.0 = Release|Any CPU
		{4E299036-A705-437C-A8D8-5744063071D9}.Release|x86.ActiveCfg = Release|Any CPU
		{4E299036-A705-437C-A8D8-5744063071D9}.Release|x86.Build.0 = Release|Any CPU
		{486F3BDF-F515-4DF9-852D-FFC59F25B8B7}.Debug|Any CPU.ActiveCfg = Debug|Any CPU
		{486F3BDF-F515-4DF9-852D-FFC59F25B8B7}.Debug|Any CPU.Build.0 = Debug|Any CPU
		{486F3BDF-F515-4DF9-852D-FFC59F25B8B7}.Debug|x64.ActiveCfg = Debug|Any CPU
		{486F3BDF-F515-4DF9-852D-FFC59F25B8B7}.Debug|x64.Build.0 = Debug|Any CPU
		{486F3BDF-F515-4DF9-852D-FFC59F25B8B7}.Debug|x86.ActiveCfg = Debug|Any CPU
		{486F3BDF-F515-4DF9-852D-FFC59F25B8B7}.Debug|x86.Build.0 = Debug|Any CPU
		{486F3BDF-F515-4DF9-852D-FFC59F25B8B7}.Release|Any CPU.ActiveCfg = Release|Any CPU
		{486F3BDF-F515-4DF9-852D-FFC59F25B8B7}.Release|Any CPU.Build.0 = Release|Any CPU
		{486F3BDF-F515-4DF9-852D-FFC59F25B8B7}.Release|x64.ActiveCfg = Release|Any CPU
		{486F3BDF-F515-4DF9-852D-FFC59F25B8B7}.Release|x64.Build.0 = Release|Any CPU
		{486F3BDF-F515-4DF9-852D-FFC59F25B8B7}.Release|x86.ActiveCfg = Release|Any CPU
		{486F3BDF-F515-4DF9-852D-FFC59F25B8B7}.Release|x86.Build.0 = Release|Any CPU
		{98EECD74-5BD5-40F1-9AA0-FABAB2BA4AFB}.Debug|Any CPU.ActiveCfg = Debug|Any CPU
		{98EECD74-5BD5-40F1-9AA0-FABAB2BA4AFB}.Debug|Any CPU.Build.0 = Debug|Any CPU
		{98EECD74-5BD5-40F1-9AA0-FABAB2BA4AFB}.Debug|x64.ActiveCfg = Debug|Any CPU
		{98EECD74-5BD5-40F1-9AA0-FABAB2BA4AFB}.Debug|x64.Build.0 = Debug|Any CPU
		{98EECD74-5BD5-40F1-9AA0-FABAB2BA4AFB}.Debug|x86.ActiveCfg = Debug|Any CPU
		{98EECD74-5BD5-40F1-9AA0-FABAB2BA4AFB}.Debug|x86.Build.0 = Debug|Any CPU
		{98EECD74-5BD5-40F1-9AA0-FABAB2BA4AFB}.Release|Any CPU.ActiveCfg = Release|Any CPU
		{98EECD74-5BD5-40F1-9AA0-FABAB2BA4AFB}.Release|Any CPU.Build.0 = Release|Any CPU
		{98EECD74-5BD5-40F1-9AA0-FABAB2BA4AFB}.Release|x64.ActiveCfg = Release|Any CPU
		{98EECD74-5BD5-40F1-9AA0-FABAB2BA4AFB}.Release|x64.Build.0 = Release|Any CPU
		{98EECD74-5BD5-40F1-9AA0-FABAB2BA4AFB}.Release|x86.ActiveCfg = Release|Any CPU
		{98EECD74-5BD5-40F1-9AA0-FABAB2BA4AFB}.Release|x86.Build.0 = Release|Any CPU
		{0D5F3C9F-7BD8-4D3F-B09E-272496F375D1}.Debug|Any CPU.ActiveCfg = Debug|Win32
		{0D5F3C9F-7BD8-4D3F-B09E-272496F375D1}.Debug|x64.ActiveCfg = Debug|x64
		{0D5F3C9F-7BD8-4D3F-B09E-272496F375D1}.Debug|x64.Build.0 = Debug|x64
		{0D5F3C9F-7BD8-4D3F-B09E-272496F375D1}.Debug|x86.ActiveCfg = Debug|Win32
		{0D5F3C9F-7BD8-4D3F-B09E-272496F375D1}.Debug|x86.Build.0 = Debug|Win32
		{0D5F3C9F-7BD8-4D3F-B09E-272496F375D1}.Release|Any CPU.ActiveCfg = Release|Win32
		{0D5F3C9F-7BD8-4D3F-B09E-272496F375D1}.Release|x64.ActiveCfg = Release|x64
		{0D5F3C9F-7BD8-4D3F-B09E-272496F375D1}.Release|x64.Build.0 = Release|x64
		{0D5F3C9F-7BD8-4D3F-B09E-272496F375D1}.Release|x86.ActiveCfg = Release|Win32
		{0D5F3C9F-7BD8-4D3F-B09E-272496F375D1}.Release|x86.Build.0 = Release|Win32
		{42B56942-3D38-40E0-B060-D55637F6BC24}.Debug|Any CPU.ActiveCfg = Debug|Any CPU
		{42B56942-3D38-40E0-B060-D55637F6BC24}.Debug|Any CPU.Build.0 = Debug|Any CPU
		{42B56942-3D38-40E0-B060-D55637F6BC24}.Debug|x64.ActiveCfg = Debug|Any CPU
		{42B56942-3D38-40E0-B060-D55637F6BC24}.Debug|x64.Build.0 = Debug|Any CPU
		{42B56942-3D38-40E0-B060-D55637F6BC24}.Debug|x86.ActiveCfg = Debug|Any CPU
		{42B56942-3D38-40E0-B060-D55637F6BC24}.Debug|x86.Build.0 = Debug|Any CPU
		{42B56942-3D38-40E0-B060-D55637F6BC24}.Release|Any CPU.ActiveCfg = Release|Any CPU
		{42B56942-3D38-40E0-B060-D55637F6BC24}.Release|Any CPU.Build.0 = Release|Any CPU
		{42B56942-3D38-40E0-B060-D55637F6BC24}.Release|x64.ActiveCfg = Release|Any CPU
		{42B56942-3D38-40E0-B060-D55637F6BC24}.Release|x64.Build.0 = Release|Any CPU
		{42B56942-3D38-40E0-B060-D55637F6BC24}.Release|x86.ActiveCfg = Release|Any CPU
		{42B56942-3D38-40E0-B060-D55637F6BC24}.Release|x86.Build.0 = Release|Any CPU
		{A81E294D-143F-43E9-9B44-F4D972455289}.Debug|Any CPU.ActiveCfg = Debug|Any CPU
		{A81E294D-143F-43E9-9B44-F4D972455289}.Debug|Any CPU.Build.0 = Debug|Any CPU
		{A81E294D-143F-43E9-9B44-F4D972455289}.Debug|x64.ActiveCfg = Debug|Any CPU
		{A81E294D-143F-43E9-9B44-F4D972455289}.Debug|x64.Build.0 = Debug|Any CPU
		{A81E294D-143F-43E9-9B44-F4D972455289}.Debug|x86.ActiveCfg = Debug|Any CPU
		{A81E294D-143F-43E9-9B44-F4D972455289}.Debug|x86.Build.0 = Debug|Any CPU
		{A81E294D-143F-43E9-9B44-F4D972455289}.Release|Any CPU.ActiveCfg = Release|Any CPU
		{A81E294D-143F-43E9-9B44-F4D972455289}.Release|Any CPU.Build.0 = Release|Any CPU
		{A81E294D-143F-43E9-9B44-F4D972455289}.Release|x64.ActiveCfg = Release|Any CPU
		{A81E294D-143F-43E9-9B44-F4D972455289}.Release|x64.Build.0 = Release|Any CPU
		{A81E294D-143F-43E9-9B44-F4D972455289}.Release|x86.ActiveCfg = Release|Any CPU
		{A81E294D-143F-43E9-9B44-F4D972455289}.Release|x86.Build.0 = Release|Any CPU
	EndGlobalSection
	GlobalSection(SolutionProperties) = preSolution
		HideSolutionNode = FALSE
	EndGlobalSection
	GlobalSection(NestedProjects) = preSolution
		{5BBBC9AA-8874-4DE4-AA78-E4095C6BAEC4} = {635D8B03-32F3-4E12-8071-C266FE099FCC}
		{1624A35C-F501-4726-ADB8-E4F028926AEF} = {635D8B03-32F3-4E12-8071-C266FE099FCC}
		{B8871911-0EC3-40FD-9191-108D0BDFD00F} = {56EA37E2-E618-426B-98D7-B27AEC651F0A}
		{08850D1D-7A58-4B72-975B-5DCEB32040EC} = {56EA37E2-E618-426B-98D7-B27AEC651F0A}
		{C0D9B52F-9420-41D7-BB44-606183995D69} = {56EA37E2-E618-426B-98D7-B27AEC651F0A}
		{C3CE8CB0-1259-4058-9D04-B13450977D07} = {56EA37E2-E618-426B-98D7-B27AEC651F0A}
		{FE986C17-9B72-444F-AE3B-85A4D1A544AF} = {56EA37E2-E618-426B-98D7-B27AEC651F0A}
		{40E49E96-58DB-49E7-8A61-0ABF37AFED16} = {56EA37E2-E618-426B-98D7-B27AEC651F0A}
		{E33A90FB-9E78-42D0-8DC0-3DA805FD815C} = {56EA37E2-E618-426B-98D7-B27AEC651F0A}
		{A8EFEF42-EE2D-4D6D-976A-C96335AABC37} = {4E0146F9-F079-403D-8CB2-B619CAC3CEF7}
		{DFEEB50D-F208-4276-B59E-26E57EC6790C} = {4E0146F9-F079-403D-8CB2-B619CAC3CEF7}
		{FD0C1DC7-E578-44FF-819D-1EAA0B5330C3} = {4E0146F9-F079-403D-8CB2-B619CAC3CEF7}
		{8A34075B-E1D5-4C23-98BB-D0A0087349E4} = {4E0146F9-F079-403D-8CB2-B619CAC3CEF7}
		{D2E1449F-D306-477C-8C27-F8F2FBC56765} = {4E0146F9-F079-403D-8CB2-B619CAC3CEF7}
		{5BDF0DBF-DE61-4715-821D-3527C6245B48} = {4E0146F9-F079-403D-8CB2-B619CAC3CEF7}
		{0DFEFF85-20F8-448F-8FCD-7EEBFDFF5561} = {4E0146F9-F079-403D-8CB2-B619CAC3CEF7}
		{A1C4CF1B-2EB4-425B-9EAA-747A17F60B01} = {4E0146F9-F079-403D-8CB2-B619CAC3CEF7}
		{B6BCF006-D84C-4EA4-99FD-618F15EC3A4D} = {4E0146F9-F079-403D-8CB2-B619CAC3CEF7}
		{87ED1B39-622B-42BC-BAF2-9273DF35F288} = {4E0146F9-F079-403D-8CB2-B619CAC3CEF7}
		{917457A2-84BB-4975-9A6B-238A87727086} = {4E0146F9-F079-403D-8CB2-B619CAC3CEF7}
		{600ACCEB-44C1-4C60-BCC1-20A97E9884FA} = {4E0146F9-F079-403D-8CB2-B619CAC3CEF7}
		{3614C542-8B1B-479A-BBA0-550BB6A7D586} = {4E0146F9-F079-403D-8CB2-B619CAC3CEF7}
		{3E5E81B5-8AB0-4C02-9510-B4FE29F78938} = {4E0146F9-F079-403D-8CB2-B619CAC3CEF7}
		{09B0131B-DE28-489C-833B-0A66097A1D91} = {4E0146F9-F079-403D-8CB2-B619CAC3CEF7}
		{CFF9BB88-895B-4C50-9645-A702698C89A7} = {4E0146F9-F079-403D-8CB2-B619CAC3CEF7}
		{5CD55B25-B3A7-4331-8942-B98EF28A74A2} = {4E0146F9-F079-403D-8CB2-B619CAC3CEF7}
		{172FDF5D-B7F1-4B86-9A72-175B7CF91388} = {4E0146F9-F079-403D-8CB2-B619CAC3CEF7}
		{AC13D291-0626-423D-B8BE-E9BAADA30231} = {4E0146F9-F079-403D-8CB2-B619CAC3CEF7}
		{4E299036-A705-437C-A8D8-5744063071D9} = {4E0146F9-F079-403D-8CB2-B619CAC3CEF7}
		{486F3BDF-F515-4DF9-852D-FFC59F25B8B7} = {4E0146F9-F079-403D-8CB2-B619CAC3CEF7}
		{98EECD74-5BD5-40F1-9AA0-FABAB2BA4AFB} = {4E0146F9-F079-403D-8CB2-B619CAC3CEF7}
		{0D5F3C9F-7BD8-4D3F-B09E-272496F375D1} = {4E0146F9-F079-403D-8CB2-B619CAC3CEF7}
		{42B56942-3D38-40E0-B060-D55637F6BC24} = {EAFC9D52-8D01-450B-B635-15A104B88B58}
		{A81E294D-143F-43E9-9B44-F4D972455289} = {EAFC9D52-8D01-450B-B635-15A104B88B58}
	EndGlobalSection
	GlobalSection(ExtensibilityGlobals) = postSolution
		SolutionGuid = {905E50AD-16B2-4090-839B-70F4D255AB8C}
	EndGlobalSection
EndGlobal
