
Microsoft Visual Studio Solution File, Format Version 12.00
# Visual Studio Version 16
VisualStudioVersion = 16.0.30523.141
MinimumVisualStudioVersion = 10.0.40219.1
Project("{9A19103F-16F7-4668-BE54-9A1E7A4F7556}") = "Helium.Core", "Helium.Core\Helium.Core.csproj", "{7D5D81D3-BE70-4A41-A78E-78C39AE5955F}"
EndProject
Project("{9A19103F-16F7-4668-BE54-9A1E7A4F7556}") = "Helium.Commands", "Helium.Commands\Helium.Commands.csproj", "{CE2DFDE9-589F-4CBE-A20C-319A4995F93D}"
EndProject
Project("{9A19103F-16F7-4668-BE54-9A1E7A4F7556}") = "Helium.Data", "Helium.Data\Helium.Data.csproj", "{677BBE4E-3792-4023-A19F-FDD5A10BD826}"
EndProject
Project("{9A19103F-16F7-4668-BE54-9A1E7A4F7556}") = "Helium.Api", "Helium.Api\Helium.Api.csproj", "{AA148E2F-F386-4D52-8835-6176F11C3E44}"
EndProject
Project("{9A19103F-16F7-4668-BE54-9A1E7A4F7556}") = "Helium.ServerManager", "Helium.ServerHandling\Helium.ServerManager.csproj", "{8B75A555-3FD1-49B9-A53E-BC2C4DB3359B}"
EndProject
Project("{9A19103F-16F7-4668-BE54-9A1E7A4F7556}") = "Helium.World", "Helium.World\Helium.World.csproj", "{2CF1FC94-8207-4AB0-B3E3-55660B262FD0}"
EndProject
Project("{9A19103F-16F7-4668-BE54-9A1E7A4F7556}") = "Helium.World.Level", "Helium.World.Level\Helium.World.Level.csproj", "{77A8B8E8-1E66-4938-ADEC-5DA8D8C17663}"
EndProject
Project("{9A19103F-16F7-4668-BE54-9A1E7A4F7556}") = "Helium.Utility", "Helium.Utility\Helium.Utility.csproj", "{285951D4-9155-4781-A540-1858405085DA}"
EndProject
Project("{9A19103F-16F7-4668-BE54-9A1E7A4F7556}") = "Helium.Nbt", "Helium.Nbt\Helium.Nbt.csproj", "{F658397D-974C-4BB9-8B59-25D1522E6E03}"
EndProject
Project("{9A19103F-16F7-4668-BE54-9A1E7A4F7556}") = "Helium.World.Entity", "Helium.World.Entity\Helium.World.Entity.csproj", "{99E4C180-BA9A-44FA-B18C-D4446AD9E797}"
EndProject
Project("{2150E333-8FDC-42A3-9474-1A3956D46DE8}") = "Solution Items", "Solution Items", "{428E9239-77DD-433B-B523-C48ADC715DE7}"
	ProjectSection(SolutionItems) = preProject
		.editorconfig = .editorconfig
		ExploitToggles.cs = ExploitToggles.cs
		HeliumVersion.cs = HeliumVersion.cs
	EndProjectSection
EndProject
Project("{9A19103F-16F7-4668-BE54-9A1E7A4F7556}") = "Helium.Networking", "Helium.Networking\Helium.Networking.csproj", "{A94D3BFA-55BC-48F3-ABBB-C8C2D856D619}"
EndProject
Project("{2150E333-8FDC-42A3-9474-1A3956D46DE8}") = "Commons", "Commons", "{635D8B03-32F3-4E12-8071-C266FE099FCC}"
EndProject
Project("{9A19103F-16F7-4668-BE54-9A1E7A4F7556}") = "Helium.Commons.Logging", "Commons\Helium.Commons.Logging\Helium.Commons.Logging.csproj", "{091CC977-F090-4CC3-8B97-500DA3202D64}"
EndProject
Project("{9A19103F-16F7-4668-BE54-9A1E7A4F7556}") = "Helium.Commons.Configuration", "Commons\Helium.Commons.Configuration\Helium.Commons.Configuration.csproj", "{5BBBC9AA-8874-4DE4-AA78-E4095C6BAEC4}"
EndProject
Project("{FAE04EC0-301F-11D3-BF4B-00C04F79EFBC}") = "Helium.Commons.Exceptions", "Commons\Helium.Commons.Exceptions\Helium.Commons.Exceptions.csproj", "{1624A35C-F501-4726-ADB8-E4F028926AEF}"
EndProject
Global
	GlobalSection(SolutionConfigurationPlatforms) = preSolution
		Debug|Any CPU = Debug|Any CPU
		Debug|x64 = Debug|x64
		Debug|x86 = Debug|x86
		Release|Any CPU = Release|Any CPU
		Release|x64 = Release|x64
		Release|x86 = Release|x86
	EndGlobalSection
	GlobalSection(ProjectConfigurationPlatforms) = postSolution
		{7D5D81D3-BE70-4A41-A78E-78C39AE5955F}.Debug|Any CPU.ActiveCfg = Debug|Any CPU
		{7D5D81D3-BE70-4A41-A78E-78C39AE5955F}.Debug|Any CPU.Build.0 = Debug|Any CPU
		{7D5D81D3-BE70-4A41-A78E-78C39AE5955F}.Debug|x64.ActiveCfg = Debug|Any CPU
		{7D5D81D3-BE70-4A41-A78E-78C39AE5955F}.Debug|x64.Build.0 = Debug|Any CPU
		{7D5D81D3-BE70-4A41-A78E-78C39AE5955F}.Debug|x86.ActiveCfg = Debug|Any CPU
		{7D5D81D3-BE70-4A41-A78E-78C39AE5955F}.Debug|x86.Build.0 = Debug|Any CPU
		{7D5D81D3-BE70-4A41-A78E-78C39AE5955F}.Release|Any CPU.ActiveCfg = Release|Any CPU
		{7D5D81D3-BE70-4A41-A78E-78C39AE5955F}.Release|Any CPU.Build.0 = Release|Any CPU
		{7D5D81D3-BE70-4A41-A78E-78C39AE5955F}.Release|x64.ActiveCfg = Release|Any CPU
		{7D5D81D3-BE70-4A41-A78E-78C39AE5955F}.Release|x64.Build.0 = Release|Any CPU
		{7D5D81D3-BE70-4A41-A78E-78C39AE5955F}.Release|x86.ActiveCfg = Release|Any CPU
		{7D5D81D3-BE70-4A41-A78E-78C39AE5955F}.Release|x86.Build.0 = Release|Any CPU
		{CE2DFDE9-589F-4CBE-A20C-319A4995F93D}.Debug|Any CPU.ActiveCfg = Debug|Any CPU
		{CE2DFDE9-589F-4CBE-A20C-319A4995F93D}.Debug|Any CPU.Build.0 = Debug|Any CPU
		{CE2DFDE9-589F-4CBE-A20C-319A4995F93D}.Debug|x64.ActiveCfg = Debug|Any CPU
		{CE2DFDE9-589F-4CBE-A20C-319A4995F93D}.Debug|x64.Build.0 = Debug|Any CPU
		{CE2DFDE9-589F-4CBE-A20C-319A4995F93D}.Debug|x86.ActiveCfg = Debug|Any CPU
		{CE2DFDE9-589F-4CBE-A20C-319A4995F93D}.Debug|x86.Build.0 = Debug|Any CPU
		{CE2DFDE9-589F-4CBE-A20C-319A4995F93D}.Release|Any CPU.ActiveCfg = Release|Any CPU
		{CE2DFDE9-589F-4CBE-A20C-319A4995F93D}.Release|Any CPU.Build.0 = Release|Any CPU
		{CE2DFDE9-589F-4CBE-A20C-319A4995F93D}.Release|x64.ActiveCfg = Release|Any CPU
		{CE2DFDE9-589F-4CBE-A20C-319A4995F93D}.Release|x64.Build.0 = Release|Any CPU
		{CE2DFDE9-589F-4CBE-A20C-319A4995F93D}.Release|x86.ActiveCfg = Release|Any CPU
		{CE2DFDE9-589F-4CBE-A20C-319A4995F93D}.Release|x86.Build.0 = Release|Any CPU
		{677BBE4E-3792-4023-A19F-FDD5A10BD826}.Debug|Any CPU.ActiveCfg = Debug|Any CPU
		{677BBE4E-3792-4023-A19F-FDD5A10BD826}.Debug|Any CPU.Build.0 = Debug|Any CPU
		{677BBE4E-3792-4023-A19F-FDD5A10BD826}.Debug|x64.ActiveCfg = Debug|Any CPU
		{677BBE4E-3792-4023-A19F-FDD5A10BD826}.Debug|x64.Build.0 = Debug|Any CPU
		{677BBE4E-3792-4023-A19F-FDD5A10BD826}.Debug|x86.ActiveCfg = Debug|Any CPU
		{677BBE4E-3792-4023-A19F-FDD5A10BD826}.Debug|x86.Build.0 = Debug|Any CPU
		{677BBE4E-3792-4023-A19F-FDD5A10BD826}.Release|Any CPU.ActiveCfg = Release|Any CPU
		{677BBE4E-3792-4023-A19F-FDD5A10BD826}.Release|Any CPU.Build.0 = Release|Any CPU
		{677BBE4E-3792-4023-A19F-FDD5A10BD826}.Release|x64.ActiveCfg = Release|Any CPU
		{677BBE4E-3792-4023-A19F-FDD5A10BD826}.Release|x64.Build.0 = Release|Any CPU
		{677BBE4E-3792-4023-A19F-FDD5A10BD826}.Release|x86.ActiveCfg = Release|Any CPU
		{677BBE4E-3792-4023-A19F-FDD5A10BD826}.Release|x86.Build.0 = Release|Any CPU
		{AA148E2F-F386-4D52-8835-6176F11C3E44}.Debug|Any CPU.ActiveCfg = Debug|Any CPU
		{AA148E2F-F386-4D52-8835-6176F11C3E44}.Debug|Any CPU.Build.0 = Debug|Any CPU
		{AA148E2F-F386-4D52-8835-6176F11C3E44}.Debug|x64.ActiveCfg = Debug|Any CPU
		{AA148E2F-F386-4D52-8835-6176F11C3E44}.Debug|x64.Build.0 = Debug|Any CPU
		{AA148E2F-F386-4D52-8835-6176F11C3E44}.Debug|x86.ActiveCfg = Debug|Any CPU
		{AA148E2F-F386-4D52-8835-6176F11C3E44}.Debug|x86.Build.0 = Debug|Any CPU
		{AA148E2F-F386-4D52-8835-6176F11C3E44}.Release|Any CPU.ActiveCfg = Release|Any CPU
		{AA148E2F-F386-4D52-8835-6176F11C3E44}.Release|Any CPU.Build.0 = Release|Any CPU
		{AA148E2F-F386-4D52-8835-6176F11C3E44}.Release|x64.ActiveCfg = Release|Any CPU
		{AA148E2F-F386-4D52-8835-6176F11C3E44}.Release|x64.Build.0 = Release|Any CPU
		{AA148E2F-F386-4D52-8835-6176F11C3E44}.Release|x86.ActiveCfg = Release|Any CPU
		{AA148E2F-F386-4D52-8835-6176F11C3E44}.Release|x86.Build.0 = Release|Any CPU
		{8B75A555-3FD1-49B9-A53E-BC2C4DB3359B}.Debug|Any CPU.ActiveCfg = Debug|Any CPU
		{8B75A555-3FD1-49B9-A53E-BC2C4DB3359B}.Debug|Any CPU.Build.0 = Debug|Any CPU
		{8B75A555-3FD1-49B9-A53E-BC2C4DB3359B}.Debug|x64.ActiveCfg = Debug|Any CPU
		{8B75A555-3FD1-49B9-A53E-BC2C4DB3359B}.Debug|x64.Build.0 = Debug|Any CPU
		{8B75A555-3FD1-49B9-A53E-BC2C4DB3359B}.Debug|x86.ActiveCfg = Debug|Any CPU
		{8B75A555-3FD1-49B9-A53E-BC2C4DB3359B}.Debug|x86.Build.0 = Debug|Any CPU
		{8B75A555-3FD1-49B9-A53E-BC2C4DB3359B}.Release|Any CPU.ActiveCfg = Release|Any CPU
		{8B75A555-3FD1-49B9-A53E-BC2C4DB3359B}.Release|Any CPU.Build.0 = Release|Any CPU
		{8B75A555-3FD1-49B9-A53E-BC2C4DB3359B}.Release|x64.ActiveCfg = Release|Any CPU
		{8B75A555-3FD1-49B9-A53E-BC2C4DB3359B}.Release|x64.Build.0 = Release|Any CPU
		{8B75A555-3FD1-49B9-A53E-BC2C4DB3359B}.Release|x86.ActiveCfg = Release|Any CPU
		{8B75A555-3FD1-49B9-A53E-BC2C4DB3359B}.Release|x86.Build.0 = Release|Any CPU
		{2CF1FC94-8207-4AB0-B3E3-55660B262FD0}.Debug|Any CPU.ActiveCfg = Debug|Any CPU
		{2CF1FC94-8207-4AB0-B3E3-55660B262FD0}.Debug|Any CPU.Build.0 = Debug|Any CPU
		{2CF1FC94-8207-4AB0-B3E3-55660B262FD0}.Debug|x64.ActiveCfg = Debug|Any CPU
		{2CF1FC94-8207-4AB0-B3E3-55660B262FD0}.Debug|x64.Build.0 = Debug|Any CPU
		{2CF1FC94-8207-4AB0-B3E3-55660B262FD0}.Debug|x86.ActiveCfg = Debug|Any CPU
		{2CF1FC94-8207-4AB0-B3E3-55660B262FD0}.Debug|x86.Build.0 = Debug|Any CPU
		{2CF1FC94-8207-4AB0-B3E3-55660B262FD0}.Release|Any CPU.ActiveCfg = Release|Any CPU
		{2CF1FC94-8207-4AB0-B3E3-55660B262FD0}.Release|Any CPU.Build.0 = Release|Any CPU
		{2CF1FC94-8207-4AB0-B3E3-55660B262FD0}.Release|x64.ActiveCfg = Release|Any CPU
		{2CF1FC94-8207-4AB0-B3E3-55660B262FD0}.Release|x64.Build.0 = Release|Any CPU
		{2CF1FC94-8207-4AB0-B3E3-55660B262FD0}.Release|x86.ActiveCfg = Release|Any CPU
		{2CF1FC94-8207-4AB0-B3E3-55660B262FD0}.Release|x86.Build.0 = Release|Any CPU
		{77A8B8E8-1E66-4938-ADEC-5DA8D8C17663}.Debug|Any CPU.ActiveCfg = Debug|Any CPU
		{77A8B8E8-1E66-4938-ADEC-5DA8D8C17663}.Debug|Any CPU.Build.0 = Debug|Any CPU
		{77A8B8E8-1E66-4938-ADEC-5DA8D8C17663}.Debug|x64.ActiveCfg = Debug|Any CPU
		{77A8B8E8-1E66-4938-ADEC-5DA8D8C17663}.Debug|x64.Build.0 = Debug|Any CPU
		{77A8B8E8-1E66-4938-ADEC-5DA8D8C17663}.Debug|x86.ActiveCfg = Debug|Any CPU
		{77A8B8E8-1E66-4938-ADEC-5DA8D8C17663}.Debug|x86.Build.0 = Debug|Any CPU
		{77A8B8E8-1E66-4938-ADEC-5DA8D8C17663}.Release|Any CPU.ActiveCfg = Release|Any CPU
		{77A8B8E8-1E66-4938-ADEC-5DA8D8C17663}.Release|Any CPU.Build.0 = Release|Any CPU
		{77A8B8E8-1E66-4938-ADEC-5DA8D8C17663}.Release|x64.ActiveCfg = Release|Any CPU
		{77A8B8E8-1E66-4938-ADEC-5DA8D8C17663}.Release|x64.Build.0 = Release|Any CPU
		{77A8B8E8-1E66-4938-ADEC-5DA8D8C17663}.Release|x86.ActiveCfg = Release|Any CPU
		{77A8B8E8-1E66-4938-ADEC-5DA8D8C17663}.Release|x86.Build.0 = Release|Any CPU
		{285951D4-9155-4781-A540-1858405085DA}.Debug|Any CPU.ActiveCfg = Debug|Any CPU
		{285951D4-9155-4781-A540-1858405085DA}.Debug|Any CPU.Build.0 = Debug|Any CPU
		{285951D4-9155-4781-A540-1858405085DA}.Debug|x64.ActiveCfg = Debug|Any CPU
		{285951D4-9155-4781-A540-1858405085DA}.Debug|x64.Build.0 = Debug|Any CPU
		{285951D4-9155-4781-A540-1858405085DA}.Debug|x86.ActiveCfg = Debug|Any CPU
		{285951D4-9155-4781-A540-1858405085DA}.Debug|x86.Build.0 = Debug|Any CPU
		{285951D4-9155-4781-A540-1858405085DA}.Release|Any CPU.ActiveCfg = Release|Any CPU
		{285951D4-9155-4781-A540-1858405085DA}.Release|Any CPU.Build.0 = Release|Any CPU
		{285951D4-9155-4781-A540-1858405085DA}.Release|x64.ActiveCfg = Release|Any CPU
		{285951D4-9155-4781-A540-1858405085DA}.Release|x64.Build.0 = Release|Any CPU
		{285951D4-9155-4781-A540-1858405085DA}.Release|x86.ActiveCfg = Release|Any CPU
		{285951D4-9155-4781-A540-1858405085DA}.Release|x86.Build.0 = Release|Any CPU
		{F658397D-974C-4BB9-8B59-25D1522E6E03}.Debug|Any CPU.ActiveCfg = Debug|Any CPU
		{F658397D-974C-4BB9-8B59-25D1522E6E03}.Debug|Any CPU.Build.0 = Debug|Any CPU
		{F658397D-974C-4BB9-8B59-25D1522E6E03}.Debug|x64.ActiveCfg = Debug|Any CPU
		{F658397D-974C-4BB9-8B59-25D1522E6E03}.Debug|x64.Build.0 = Debug|Any CPU
		{F658397D-974C-4BB9-8B59-25D1522E6E03}.Debug|x86.ActiveCfg = Debug|Any CPU
		{F658397D-974C-4BB9-8B59-25D1522E6E03}.Debug|x86.Build.0 = Debug|Any CPU
		{F658397D-974C-4BB9-8B59-25D1522E6E03}.Release|Any CPU.ActiveCfg = Release|Any CPU
		{F658397D-974C-4BB9-8B59-25D1522E6E03}.Release|Any CPU.Build.0 = Release|Any CPU
		{F658397D-974C-4BB9-8B59-25D1522E6E03}.Release|x64.ActiveCfg = Release|Any CPU
		{F658397D-974C-4BB9-8B59-25D1522E6E03}.Release|x64.Build.0 = Release|Any CPU
		{F658397D-974C-4BB9-8B59-25D1522E6E03}.Release|x86.ActiveCfg = Release|Any CPU
		{F658397D-974C-4BB9-8B59-25D1522E6E03}.Release|x86.Build.0 = Release|Any CPU
		{99E4C180-BA9A-44FA-B18C-D4446AD9E797}.Debug|Any CPU.ActiveCfg = Debug|Any CPU
		{99E4C180-BA9A-44FA-B18C-D4446AD9E797}.Debug|Any CPU.Build.0 = Debug|Any CPU
		{99E4C180-BA9A-44FA-B18C-D4446AD9E797}.Debug|x64.ActiveCfg = Debug|Any CPU
		{99E4C180-BA9A-44FA-B18C-D4446AD9E797}.Debug|x64.Build.0 = Debug|Any CPU
		{99E4C180-BA9A-44FA-B18C-D4446AD9E797}.Debug|x86.ActiveCfg = Debug|Any CPU
		{99E4C180-BA9A-44FA-B18C-D4446AD9E797}.Debug|x86.Build.0 = Debug|Any CPU
		{99E4C180-BA9A-44FA-B18C-D4446AD9E797}.Release|Any CPU.ActiveCfg = Release|Any CPU
		{99E4C180-BA9A-44FA-B18C-D4446AD9E797}.Release|Any CPU.Build.0 = Release|Any CPU
		{99E4C180-BA9A-44FA-B18C-D4446AD9E797}.Release|x64.ActiveCfg = Release|Any CPU
		{99E4C180-BA9A-44FA-B18C-D4446AD9E797}.Release|x64.Build.0 = Release|Any CPU
		{99E4C180-BA9A-44FA-B18C-D4446AD9E797}.Release|x86.ActiveCfg = Release|Any CPU
		{99E4C180-BA9A-44FA-B18C-D4446AD9E797}.Release|x86.Build.0 = Release|Any CPU
		{A94D3BFA-55BC-48F3-ABBB-C8C2D856D619}.Debug|Any CPU.ActiveCfg = Debug|Any CPU
		{A94D3BFA-55BC-48F3-ABBB-C8C2D856D619}.Debug|Any CPU.Build.0 = Debug|Any CPU
		{A94D3BFA-55BC-48F3-ABBB-C8C2D856D619}.Debug|x64.ActiveCfg = Debug|Any CPU
		{A94D3BFA-55BC-48F3-ABBB-C8C2D856D619}.Debug|x64.Build.0 = Debug|Any CPU
		{A94D3BFA-55BC-48F3-ABBB-C8C2D856D619}.Debug|x86.ActiveCfg = Debug|Any CPU
		{A94D3BFA-55BC-48F3-ABBB-C8C2D856D619}.Debug|x86.Build.0 = Debug|Any CPU
		{A94D3BFA-55BC-48F3-ABBB-C8C2D856D619}.Release|Any CPU.ActiveCfg = Release|Any CPU
		{A94D3BFA-55BC-48F3-ABBB-C8C2D856D619}.Release|Any CPU.Build.0 = Release|Any CPU
		{A94D3BFA-55BC-48F3-ABBB-C8C2D856D619}.Release|x64.ActiveCfg = Release|Any CPU
		{A94D3BFA-55BC-48F3-ABBB-C8C2D856D619}.Release|x64.Build.0 = Release|Any CPU
		{A94D3BFA-55BC-48F3-ABBB-C8C2D856D619}.Release|x86.ActiveCfg = Release|Any CPU
		{A94D3BFA-55BC-48F3-ABBB-C8C2D856D619}.Release|x86.Build.0 = Release|Any CPU
		{091CC977-F090-4CC3-8B97-500DA3202D64}.Debug|Any CPU.ActiveCfg = Debug|Any CPU
		{091CC977-F090-4CC3-8B97-500DA3202D64}.Debug|Any CPU.Build.0 = Debug|Any CPU
		{091CC977-F090-4CC3-8B97-500DA3202D64}.Debug|x64.ActiveCfg = Debug|Any CPU
		{091CC977-F090-4CC3-8B97-500DA3202D64}.Debug|x64.Build.0 = Debug|Any CPU
		{091CC977-F090-4CC3-8B97-500DA3202D64}.Debug|x86.ActiveCfg = Debug|Any CPU
		{091CC977-F090-4CC3-8B97-500DA3202D64}.Debug|x86.Build.0 = Debug|Any CPU
		{091CC977-F090-4CC3-8B97-500DA3202D64}.Release|Any CPU.ActiveCfg = Release|Any CPU
		{091CC977-F090-4CC3-8B97-500DA3202D64}.Release|Any CPU.Build.0 = Release|Any CPU
		{091CC977-F090-4CC3-8B97-500DA3202D64}.Release|x64.ActiveCfg = Release|Any CPU
		{091CC977-F090-4CC3-8B97-500DA3202D64}.Release|x64.Build.0 = Release|Any CPU
		{091CC977-F090-4CC3-8B97-500DA3202D64}.Release|x86.ActiveCfg = Release|Any CPU
		{091CC977-F090-4CC3-8B97-500DA3202D64}.Release|x86.Build.0 = Release|Any CPU
		{5BBBC9AA-8874-4DE4-AA78-E4095C6BAEC4}.Debug|Any CPU.ActiveCfg = Debug|Any CPU
		{5BBBC9AA-8874-4DE4-AA78-E4095C6BAEC4}.Debug|Any CPU.Build.0 = Debug|Any CPU
		{5BBBC9AA-8874-4DE4-AA78-E4095C6BAEC4}.Debug|x64.ActiveCfg = Debug|Any CPU
		{5BBBC9AA-8874-4DE4-AA78-E4095C6BAEC4}.Debug|x64.Build.0 = Debug|Any CPU
		{5BBBC9AA-8874-4DE4-AA78-E4095C6BAEC4}.Debug|x86.ActiveCfg = Debug|Any CPU
		{5BBBC9AA-8874-4DE4-AA78-E4095C6BAEC4}.Debug|x86.Build.0 = Debug|Any CPU
		{5BBBC9AA-8874-4DE4-AA78-E4095C6BAEC4}.Release|Any CPU.ActiveCfg = Release|Any CPU
		{5BBBC9AA-8874-4DE4-AA78-E4095C6BAEC4}.Release|Any CPU.Build.0 = Release|Any CPU
		{5BBBC9AA-8874-4DE4-AA78-E4095C6BAEC4}.Release|x64.ActiveCfg = Release|Any CPU
		{5BBBC9AA-8874-4DE4-AA78-E4095C6BAEC4}.Release|x64.Build.0 = Release|Any CPU
		{5BBBC9AA-8874-4DE4-AA78-E4095C6BAEC4}.Release|x86.ActiveCfg = Release|Any CPU
		{5BBBC9AA-8874-4DE4-AA78-E4095C6BAEC4}.Release|x86.Build.0 = Release|Any CPU
		{1624A35C-F501-4726-ADB8-E4F028926AEF}.Debug|Any CPU.ActiveCfg = Debug|Any CPU
		{1624A35C-F501-4726-ADB8-E4F028926AEF}.Debug|Any CPU.Build.0 = Debug|Any CPU
		{1624A35C-F501-4726-ADB8-E4F028926AEF}.Debug|x64.ActiveCfg = Debug|Any CPU
		{1624A35C-F501-4726-ADB8-E4F028926AEF}.Debug|x64.Build.0 = Debug|Any CPU
		{1624A35C-F501-4726-ADB8-E4F028926AEF}.Debug|x86.ActiveCfg = Debug|Any CPU
		{1624A35C-F501-4726-ADB8-E4F028926AEF}.Debug|x86.Build.0 = Debug|Any CPU
		{1624A35C-F501-4726-ADB8-E4F028926AEF}.Release|Any CPU.ActiveCfg = Release|Any CPU
		{1624A35C-F501-4726-ADB8-E4F028926AEF}.Release|Any CPU.Build.0 = Release|Any CPU
		{1624A35C-F501-4726-ADB8-E4F028926AEF}.Release|x64.ActiveCfg = Release|Any CPU
		{1624A35C-F501-4726-ADB8-E4F028926AEF}.Release|x64.Build.0 = Release|Any CPU
		{1624A35C-F501-4726-ADB8-E4F028926AEF}.Release|x86.ActiveCfg = Release|Any CPU
		{1624A35C-F501-4726-ADB8-E4F028926AEF}.Release|x86.Build.0 = Release|Any CPU
	EndGlobalSection
	GlobalSection(SolutionProperties) = preSolution
		HideSolutionNode = FALSE
	EndGlobalSection
	GlobalSection(NestedProjects) = preSolution
		{091CC977-F090-4CC3-8B97-500DA3202D64} = {635D8B03-32F3-4E12-8071-C266FE099FCC}
		{5BBBC9AA-8874-4DE4-AA78-E4095C6BAEC4} = {635D8B03-32F3-4E12-8071-C266FE099FCC}
		{1624A35C-F501-4726-ADB8-E4F028926AEF} = {635D8B03-32F3-4E12-8071-C266FE099FCC}
	EndGlobalSection
	GlobalSection(ExtensibilityGlobals) = postSolution
		SolutionGuid = {905E50AD-16B2-4090-839B-70F4D255AB8C}
	EndGlobalSection
EndGlobal
